PODS:
  - Realm (10.54.0):
    - Realm/Headers (= 10.54.0)
  - Realm/Headers (10.54.0)
  - SDWebImage (5.19.7):
    - SDWebImage/Core (= 5.19.7)
  - SDWebImage/Core (5.19.7)

DEPENDENCIES:
  - Realm (~> 10.54.0)
  - SDWebImage (~> 5.19.7)

SPEC REPOS:
  trunk:
    - Realm
    - SDWebImage

SPEC CHECKSUMS:
  Realm: 5befa97f79486c8f16241387a973fb06f0325171
  SDWebImage: 8a6b7b160b4d710e2a22b6900e25301075c34cb3

PODFILE CHECKSUM: d28729f312ffd46a17e8affe447ef51b7a42caab

COCOAPODS: 1.11.3
