// !$*UTF8*$!
{
	archiveVersion = 1;
	classes = {
	};
	objectVersion = 54;
	objects = {

/* Begin PBXBuildFile section */
		160033B3180756E300FB30D8 /* setup.json in Resources */ = {isa = PBXBuildFile; fileRef = 160033B2180756E300FB30D8 /* setup.json */; };
		160BEDB417E471C000EC97FC /* Foundation.framework in Frameworks */ = {isa = PBXBuildFile; fileRef = 160BEDB317E471C000EC97FC /* Foundation.framework */; };
		160BEDB617E471C000EC97FC /* CoreGraphics.framework in Frameworks */ = {isa = PBXBuildFile; fileRef = 160BEDB517E471C000EC97FC /* CoreGraphics.framework */; };
		160BEDB817E471C000EC97FC /* UIKit.framework in Frameworks */ = {isa = PBXBuildFile; fileRef = 160BEDB717E471C000EC97FC /* UIKit.framework */; };
		160BEDBA17E471C000EC97FC /* CoreData.framework in Frameworks */ = {isa = PBXBuildFile; fileRef = 160BEDB917E471C000EC97FC /* CoreData.framework */; };
		160BEDC217E471C000EC97FC /* main.m in Sources */ = {isa = PBXBuildFile; fileRef = 160BEDC117E471C000EC97FC /* main.m */; };
		160BEDC617E471C000EC97FC /* AppDelegate.m in Sources */ = {isa = PBXBuildFile; fileRef = 160BEDC517E471C000EC97FC /* AppDelegate.m */; };
		160BEDC917E471C000EC97FC /* Settings.storyboard in Resources */ = {isa = PBXBuildFile; fileRef = 160BEDC717E471C000EC97FC /* Settings.storyboard */; };
		160BEDDB17E471C100EC97FC /* XCTest.framework in Frameworks */ = {isa = PBXBuildFile; fileRef = 160BEDDA17E471C100EC97FC /* XCTest.framework */; };
		160BEDDC17E471C100EC97FC /* Foundation.framework in Frameworks */ = {isa = PBXBuildFile; fileRef = 160BEDB317E471C000EC97FC /* Foundation.framework */; };
		160BEDDD17E471C100EC97FC /* UIKit.framework in Frameworks */ = {isa = PBXBuildFile; fileRef = 160BEDB717E471C000EC97FC /* UIKit.framework */; };
		160BEDDE17E471C100EC97FC /* CoreData.framework in Frameworks */ = {isa = PBXBuildFile; fileRef = 160BEDB917E471C000EC97FC /* CoreData.framework */; };
		160BEDE817E471C100EC97FC /* QuickaTests.m in Sources */ = {isa = PBXBuildFile; fileRef = 160BEDE717E471C100EC97FC /* QuickaTests.m */; };
		160BEDF317E4745400EC97FC /* ContainerViewController.m in Sources */ = {isa = PBXBuildFile; fileRef = 160BEDF217E4745400EC97FC /* ContainerViewController.m */; };
		160BEDF517E474E300EC97FC /* QuartzCore.framework in Frameworks */ = {isa = PBXBuildFile; fileRef = 160BEDF417E474E300EC97FC /* QuartzCore.framework */; };
		160BEDF817E47C6700EC97FC /* MainViewController.m in Sources */ = {isa = PBXBuildFile; fileRef = 160BEDF717E47C6700EC97FC /* MainViewController.m */; };
		160BEE4917E49B3900EC97FC /* SubViewController.m in Sources */ = {isa = PBXBuildFile; fileRef = 160BEE4817E49B3900EC97FC /* SubViewController.m */; };
		160E55EF182133F8008937C7 /* Images.xcassets in Resources */ = {isa = PBXBuildFile; fileRef = 160E55EE182133F8008937C7 /* Images.xcassets */; };
		160E55F21821BB51008937C7 /* CustomEngineViewController.m in Sources */ = {isa = PBXBuildFile; fileRef = 160E55F11821BB51008937C7 /* CustomEngineViewController.m */; };
		1618E8FF18270C7300159F92 /* CreateIconViewController.m in Sources */ = {isa = PBXBuildFile; fileRef = 1618E8FE18270C7300159F92 /* CreateIconViewController.m */; };
		1618E90118271AA500159F92 /* CollectionViewColorCell.xib in Resources */ = {isa = PBXBuildFile; fileRef = 1618E90018271AA500159F92 /* CollectionViewColorCell.xib */; };
		1618E90318271AB700159F92 /* CollectionViewIconCell.xib in Resources */ = {isa = PBXBuildFile; fileRef = 1618E90218271AB700159F92 /* CollectionViewIconCell.xib */; };
		1618E9061827214E00159F92 /* CustomCollectionViewCell.m in Sources */ = {isa = PBXBuildFile; fileRef = 1618E9051827214E00159F92 /* CustomCollectionViewCell.m */; };
		1618E9081827228800159F92 /* MyCollectionViewCell.xib in Resources */ = {isa = PBXBuildFile; fileRef = 1618E9071827228800159F92 /* MyCollectionViewCell.xib */; };
		163D1C501800E3A8009894A5 /* SelectImageViewController.m in Sources */ = {isa = PBXBuildFile; fileRef = 163D1C4F1800E3A8009894A5 /* SelectImageViewController.m */; };
		1647B4221EBC4C610038E066 /* SafariServices.framework in Frameworks */ = {isa = PBXBuildFile; fileRef = 1647B4211EBC4C610038E066 /* SafariServices.framework */; };
		166BE335181EF5740002A080 /* DefaultCell.xib in Resources */ = {isa = PBXBuildFile; fileRef = 166BE334181EF5740002A080 /* DefaultCell.xib */; };
		166BE337181EF5A00002A080 /* TitleCell.xib in Resources */ = {isa = PBXBuildFile; fileRef = 166BE336181EF5A00002A080 /* TitleCell.xib */; };
		166BE339181EF5AF0002A080 /* URLCell.xib in Resources */ = {isa = PBXBuildFile; fileRef = 166BE338181EF5AF0002A080 /* URLCell.xib */; };
		166BE33B181EF73B0002A080 /* DefaultIconCell.xib in Resources */ = {isa = PBXBuildFile; fileRef = 166BE33A181EF73B0002A080 /* DefaultIconCell.xib */; };
		166BE33D181EFAAD0002A080 /* DefaultSubtitleIconCell.xib in Resources */ = {isa = PBXBuildFile; fileRef = 166BE33C181EFAAD0002A080 /* DefaultSubtitleIconCell.xib */; };
		166BE341181EFD4A0002A080 /* DefaultCenterCell.xib in Resources */ = {isa = PBXBuildFile; fileRef = 166BE340181EFD4A0002A080 /* DefaultCenterCell.xib */; };
		168FFD851E8FD35D003DB6D9 /* LaunchScreen.storyboard in Resources */ = {isa = PBXBuildFile; fileRef = 168FFD831E8FD35D003DB6D9 /* LaunchScreen.storyboard */; };
		169DEB7A17E6905F000F8C7D /* HistoryManager.m in Sources */ = {isa = PBXBuildFile; fileRef = 169DEB7917E6905F000F8C7D /* HistoryManager.m */; };
		169DEB8017E699A6000F8C7D /* HistoryViewController.m in Sources */ = {isa = PBXBuildFile; fileRef = 169DEB7F17E699A6000F8C7D /* HistoryViewController.m */; };
		169DEB8817E6C0E0000F8C7D /* EditViewController.m in Sources */ = {isa = PBXBuildFile; fileRef = 169DEB8717E6C0E0000F8C7D /* EditViewController.m */; };
		169DEB9717E719E6000F8C7D /* ActionManager.m in Sources */ = {isa = PBXBuildFile; fileRef = 169DEB9617E719E6000F8C7D /* ActionManager.m */; };
		16A840F1180013AE00B946D3 /* AppStoreViewController.m in Sources */ = {isa = PBXBuildFile; fileRef = 16A840F0180013AE00B946D3 /* AppStoreViewController.m */; };
		16AB5FB417FE1FB900B7D45A /* SearchEngineViewController.m in Sources */ = {isa = PBXBuildFile; fileRef = 16AB5FB317FE1FB900B7D45A /* SearchEngineViewController.m */; };
		16AB5FB917FF8D6600B7D45A /* Localizable.strings in Resources */ = {isa = PBXBuildFile; fileRef = 16AB5FBB17FF8D6600B7D45A /* Localizable.strings */; };
		16D0B3B518914AD500880C2B /* NSString+Quicka2.m in Sources */ = {isa = PBXBuildFile; fileRef = 16D0B3B418914AD500880C2B /* NSString+Quicka2.m */; };
		16E091422518C40E0089512E /* RLMAction.m in Sources */ = {isa = PBXBuildFile; fileRef = 16E091412518C40E0089512E /* RLMAction.m */; };
		16E091472518E7EB0089512E /* RLMHistory.m in Sources */ = {isa = PBXBuildFile; fileRef = 16E091462518E7EB0089512E /* RLMHistory.m */; };
		16EE5E5A1EC7C88500F2188C /* BrowserViewController.m in Sources */ = {isa = PBXBuildFile; fileRef = 16EE5E591EC7C88500F2188C /* BrowserViewController.m */; };
		16EEDF571E751AAB001DE9E5 /* InfoPlist.strings in Resources */ = {isa = PBXBuildFile; fileRef = 16EEDF591E751AAB001DE9E5 /* InfoPlist.strings */; };
		16F947DE17F82C10003923C5 /* CustomTableViewCell.m in Sources */ = {isa = PBXBuildFile; fileRef = 16F947DD17F82C10003923C5 /* CustomTableViewCell.m */; };
		16F947E117F82F64003923C5 /* QuickaUtil.m in Sources */ = {isa = PBXBuildFile; fileRef = 16F947E017F82F64003923C5 /* QuickaUtil.m */; };
		16F947EA17F85CDD003923C5 /* SuggestView.m in Sources */ = {isa = PBXBuildFile; fileRef = 16F947E917F85CDD003923C5 /* SuggestView.m */; };
		16F947ED17FC66C9003923C5 /* SettingsViewController.m in Sources */ = {isa = PBXBuildFile; fileRef = 16F947EC17FC66C9003923C5 /* SettingsViewController.m */; };
		B32C0D0D965E150CD4B5E185 /* libPods-Quicka.a in Frameworks */ = {isa = PBXBuildFile; fileRef = 0EC5FC6471AB6B4B55A8876F /* libPods-Quicka.a */; };
/* End PBXBuildFile section */

/* Begin PBXContainerItemProxy section */
		160BEDDF17E471C100EC97FC /* PBXContainerItemProxy */ = {
			isa = PBXContainerItemProxy;
			containerPortal = 160BEDA817E471C000EC97FC /* Project object */;
			proxyType = 1;
			remoteGlobalIDString = 160BEDAF17E471C000EC97FC;
			remoteInfo = Quicka;
		};
/* End PBXContainerItemProxy section */

/* Begin PBXFileReference section */
		0EC5FC6471AB6B4B55A8876F /* libPods-Quicka.a */ = {isa = PBXFileReference; explicitFileType = archive.ar; includeInIndex = 0; path = "libPods-Quicka.a"; sourceTree = BUILT_PRODUCTS_DIR; };
		13150492E367D83C4E92EA6F /* Pods-Quicka.debug.xcconfig */ = {isa = PBXFileReference; includeInIndex = 1; lastKnownFileType = text.xcconfig; name = "Pods-Quicka.debug.xcconfig"; path = "Target Support Files/Pods-Quicka/Pods-Quicka.debug.xcconfig"; sourceTree = "<group>"; };
		160033B2180756E300FB30D8 /* setup.json */ = {isa = PBXFileReference; fileEncoding = 4; lastKnownFileType = text.json; path = setup.json; sourceTree = "<group>"; };
		160BEDB017E471C000EC97FC /* Quicka.app */ = {isa = PBXFileReference; explicitFileType = wrapper.application; includeInIndex = 0; path = Quicka.app; sourceTree = BUILT_PRODUCTS_DIR; };
		160BEDB317E471C000EC97FC /* Foundation.framework */ = {isa = PBXFileReference; lastKnownFileType = wrapper.framework; name = Foundation.framework; path = System/Library/Frameworks/Foundation.framework; sourceTree = SDKROOT; };
		160BEDB517E471C000EC97FC /* CoreGraphics.framework */ = {isa = PBXFileReference; lastKnownFileType = wrapper.framework; name = CoreGraphics.framework; path = System/Library/Frameworks/CoreGraphics.framework; sourceTree = SDKROOT; };
		160BEDB717E471C000EC97FC /* UIKit.framework */ = {isa = PBXFileReference; lastKnownFileType = wrapper.framework; name = UIKit.framework; path = System/Library/Frameworks/UIKit.framework; sourceTree = SDKROOT; };
		160BEDB917E471C000EC97FC /* CoreData.framework */ = {isa = PBXFileReference; lastKnownFileType = wrapper.framework; name = CoreData.framework; path = System/Library/Frameworks/CoreData.framework; sourceTree = SDKROOT; };
		160BEDBD17E471C000EC97FC /* Quicka-Info.plist */ = {isa = PBXFileReference; lastKnownFileType = text.plist.xml; path = "Quicka-Info.plist"; sourceTree = "<group>"; };
		160BEDC117E471C000EC97FC /* main.m */ = {isa = PBXFileReference; lastKnownFileType = sourcecode.c.objc; path = main.m; sourceTree = "<group>"; };
		160BEDC317E471C000EC97FC /* Quicka-Prefix.pch */ = {isa = PBXFileReference; lastKnownFileType = sourcecode.c.h; path = "Quicka-Prefix.pch"; sourceTree = "<group>"; };
		160BEDC417E471C000EC97FC /* AppDelegate.h */ = {isa = PBXFileReference; lastKnownFileType = sourcecode.c.h; path = AppDelegate.h; sourceTree = "<group>"; };
		160BEDC517E471C000EC97FC /* AppDelegate.m */ = {isa = PBXFileReference; lastKnownFileType = sourcecode.c.objc; path = AppDelegate.m; sourceTree = "<group>"; };
		160BEDC817E471C000EC97FC /* Base */ = {isa = PBXFileReference; lastKnownFileType = file.storyboard; name = Base; path = Base.lproj/Settings.storyboard; sourceTree = "<group>"; };
		160BEDD917E471C100EC97FC /* QuickaTests.xctest */ = {isa = PBXFileReference; explicitFileType = wrapper.cfbundle; includeInIndex = 0; path = QuickaTests.xctest; sourceTree = BUILT_PRODUCTS_DIR; };
		160BEDDA17E471C100EC97FC /* XCTest.framework */ = {isa = PBXFileReference; lastKnownFileType = wrapper.framework; name = XCTest.framework; path = Library/Frameworks/XCTest.framework; sourceTree = DEVELOPER_DIR; };
		160BEDE317E471C100EC97FC /* QuickaTests-Info.plist */ = {isa = PBXFileReference; lastKnownFileType = text.plist.xml; path = "QuickaTests-Info.plist"; sourceTree = "<group>"; };
		160BEDE717E471C100EC97FC /* QuickaTests.m */ = {isa = PBXFileReference; lastKnownFileType = sourcecode.c.objc; path = QuickaTests.m; sourceTree = "<group>"; };
		160BEDF117E4745400EC97FC /* ContainerViewController.h */ = {isa = PBXFileReference; fileEncoding = 4; lastKnownFileType = sourcecode.c.h; name = ContainerViewController.h; path = ViewController/ContainerViewController.h; sourceTree = "<group>"; };
		160BEDF217E4745400EC97FC /* ContainerViewController.m */ = {isa = PBXFileReference; fileEncoding = 4; lastKnownFileType = sourcecode.c.objc; name = ContainerViewController.m; path = ViewController/ContainerViewController.m; sourceTree = "<group>"; };
		160BEDF417E474E300EC97FC /* QuartzCore.framework */ = {isa = PBXFileReference; lastKnownFileType = wrapper.framework; name = QuartzCore.framework; path = System/Library/Frameworks/QuartzCore.framework; sourceTree = SDKROOT; };
		160BEDF617E47C6700EC97FC /* MainViewController.h */ = {isa = PBXFileReference; fileEncoding = 4; lastKnownFileType = sourcecode.c.h; name = MainViewController.h; path = ViewController/MainViewController.h; sourceTree = "<group>"; };
		160BEDF717E47C6700EC97FC /* MainViewController.m */ = {isa = PBXFileReference; fileEncoding = 4; lastKnownFileType = sourcecode.c.objc; name = MainViewController.m; path = ViewController/MainViewController.m; sourceTree = "<group>"; };
		160BEE4717E49B3900EC97FC /* SubViewController.h */ = {isa = PBXFileReference; fileEncoding = 4; lastKnownFileType = sourcecode.c.h; name = SubViewController.h; path = ViewController/SubViewController.h; sourceTree = "<group>"; };
		160BEE4817E49B3900EC97FC /* SubViewController.m */ = {isa = PBXFileReference; fileEncoding = 4; lastKnownFileType = sourcecode.c.objc; name = SubViewController.m; path = ViewController/SubViewController.m; sourceTree = "<group>"; };
		160E55EE182133F8008937C7 /* Images.xcassets */ = {isa = PBXFileReference; lastKnownFileType = folder.assetcatalog; path = Images.xcassets; sourceTree = "<group>"; };
		160E55F01821BB51008937C7 /* CustomEngineViewController.h */ = {isa = PBXFileReference; fileEncoding = 4; lastKnownFileType = sourcecode.c.h; name = CustomEngineViewController.h; path = ViewController/CustomEngineViewController.h; sourceTree = "<group>"; };
		160E55F11821BB51008937C7 /* CustomEngineViewController.m */ = {isa = PBXFileReference; fileEncoding = 4; lastKnownFileType = sourcecode.c.objc; name = CustomEngineViewController.m; path = ViewController/CustomEngineViewController.m; sourceTree = "<group>"; };
		1618E8FD18270C7300159F92 /* CreateIconViewController.h */ = {isa = PBXFileReference; fileEncoding = 4; lastKnownFileType = sourcecode.c.h; name = CreateIconViewController.h; path = ViewController/CreateIconViewController.h; sourceTree = "<group>"; };
		1618E8FE18270C7300159F92 /* CreateIconViewController.m */ = {isa = PBXFileReference; fileEncoding = 4; lastKnownFileType = sourcecode.c.objc; name = CreateIconViewController.m; path = ViewController/CreateIconViewController.m; sourceTree = "<group>"; };
		1618E90018271AA500159F92 /* CollectionViewColorCell.xib */ = {isa = PBXFileReference; fileEncoding = 4; lastKnownFileType = file.xib; path = CollectionViewColorCell.xib; sourceTree = "<group>"; };
		1618E90218271AB700159F92 /* CollectionViewIconCell.xib */ = {isa = PBXFileReference; fileEncoding = 4; lastKnownFileType = file.xib; path = CollectionViewIconCell.xib; sourceTree = "<group>"; };
		1618E9041827214E00159F92 /* CustomCollectionViewCell.h */ = {isa = PBXFileReference; fileEncoding = 4; lastKnownFileType = sourcecode.c.h; path = CustomCollectionViewCell.h; sourceTree = "<group>"; };
		1618E9051827214E00159F92 /* CustomCollectionViewCell.m */ = {isa = PBXFileReference; fileEncoding = 4; lastKnownFileType = sourcecode.c.objc; path = CustomCollectionViewCell.m; sourceTree = "<group>"; };
		1618E9071827228800159F92 /* MyCollectionViewCell.xib */ = {isa = PBXFileReference; fileEncoding = 4; lastKnownFileType = file.xib; path = MyCollectionViewCell.xib; sourceTree = "<group>"; };
		163D1C4E1800E3A8009894A5 /* SelectImageViewController.h */ = {isa = PBXFileReference; fileEncoding = 4; lastKnownFileType = sourcecode.c.h; name = SelectImageViewController.h; path = ViewController/SelectImageViewController.h; sourceTree = "<group>"; };
		163D1C4F1800E3A8009894A5 /* SelectImageViewController.m */ = {isa = PBXFileReference; fileEncoding = 4; lastKnownFileType = sourcecode.c.objc; name = SelectImageViewController.m; path = ViewController/SelectImageViewController.m; sourceTree = "<group>"; };
		1647B4211EBC4C610038E066 /* SafariServices.framework */ = {isa = PBXFileReference; lastKnownFileType = wrapper.framework; name = SafariServices.framework; path = System/Library/Frameworks/SafariServices.framework; sourceTree = SDKROOT; };
		164E80AB181FE894007922D6 /* Security.framework */ = {isa = PBXFileReference; lastKnownFileType = wrapper.framework; name = Security.framework; path = System/Library/Frameworks/Security.framework; sourceTree = SDKROOT; };
		166BE334181EF5740002A080 /* DefaultCell.xib */ = {isa = PBXFileReference; fileEncoding = 4; lastKnownFileType = file.xib; path = DefaultCell.xib; sourceTree = "<group>"; };
		166BE336181EF5A00002A080 /* TitleCell.xib */ = {isa = PBXFileReference; fileEncoding = 4; lastKnownFileType = file.xib; path = TitleCell.xib; sourceTree = "<group>"; };
		166BE338181EF5AF0002A080 /* URLCell.xib */ = {isa = PBXFileReference; fileEncoding = 4; lastKnownFileType = file.xib; path = URLCell.xib; sourceTree = "<group>"; };
		166BE33A181EF73B0002A080 /* DefaultIconCell.xib */ = {isa = PBXFileReference; fileEncoding = 4; lastKnownFileType = file.xib; path = DefaultIconCell.xib; sourceTree = "<group>"; };
		166BE33C181EFAAD0002A080 /* DefaultSubtitleIconCell.xib */ = {isa = PBXFileReference; fileEncoding = 4; lastKnownFileType = file.xib; path = DefaultSubtitleIconCell.xib; sourceTree = "<group>"; };
		166BE340181EFD4A0002A080 /* DefaultCenterCell.xib */ = {isa = PBXFileReference; fileEncoding = 4; lastKnownFileType = file.xib; path = DefaultCenterCell.xib; sourceTree = "<group>"; };
		168FFD841E8FD35D003DB6D9 /* Base */ = {isa = PBXFileReference; lastKnownFileType = file.storyboard; name = Base; path = Base.lproj/LaunchScreen.storyboard; sourceTree = "<group>"; };
		169DEB7817E6905F000F8C7D /* HistoryManager.h */ = {isa = PBXFileReference; fileEncoding = 4; lastKnownFileType = sourcecode.c.h; path = HistoryManager.h; sourceTree = "<group>"; };
		169DEB7917E6905F000F8C7D /* HistoryManager.m */ = {isa = PBXFileReference; fileEncoding = 4; lastKnownFileType = sourcecode.c.objc; path = HistoryManager.m; sourceTree = "<group>"; };
		169DEB7E17E699A6000F8C7D /* HistoryViewController.h */ = {isa = PBXFileReference; fileEncoding = 4; lastKnownFileType = sourcecode.c.h; name = HistoryViewController.h; path = ViewController/HistoryViewController.h; sourceTree = "<group>"; };
		169DEB7F17E699A6000F8C7D /* HistoryViewController.m */ = {isa = PBXFileReference; fileEncoding = 4; lastKnownFileType = sourcecode.c.objc; name = HistoryViewController.m; path = ViewController/HistoryViewController.m; sourceTree = "<group>"; };
		169DEB8617E6C0E0000F8C7D /* EditViewController.h */ = {isa = PBXFileReference; fileEncoding = 4; lastKnownFileType = sourcecode.c.h; name = EditViewController.h; path = ViewController/EditViewController.h; sourceTree = "<group>"; };
		169DEB8717E6C0E0000F8C7D /* EditViewController.m */ = {isa = PBXFileReference; fileEncoding = 4; lastKnownFileType = sourcecode.c.objc; name = EditViewController.m; path = ViewController/EditViewController.m; sourceTree = "<group>"; };
		169DEB9517E719E6000F8C7D /* ActionManager.h */ = {isa = PBXFileReference; fileEncoding = 4; lastKnownFileType = sourcecode.c.h; path = ActionManager.h; sourceTree = "<group>"; };
		169DEB9617E719E6000F8C7D /* ActionManager.m */ = {isa = PBXFileReference; fileEncoding = 4; lastKnownFileType = sourcecode.c.objc; path = ActionManager.m; sourceTree = "<group>"; };
		16A840EF180013AE00B946D3 /* AppStoreViewController.h */ = {isa = PBXFileReference; fileEncoding = 4; lastKnownFileType = sourcecode.c.h; name = AppStoreViewController.h; path = ViewController/AppStoreViewController.h; sourceTree = "<group>"; };
		16A840F0180013AE00B946D3 /* AppStoreViewController.m */ = {isa = PBXFileReference; fileEncoding = 4; lastKnownFileType = sourcecode.c.objc; name = AppStoreViewController.m; path = ViewController/AppStoreViewController.m; sourceTree = "<group>"; };
		16AB5FB217FE1FB900B7D45A /* SearchEngineViewController.h */ = {isa = PBXFileReference; fileEncoding = 4; lastKnownFileType = sourcecode.c.h; name = SearchEngineViewController.h; path = ViewController/SearchEngineViewController.h; sourceTree = "<group>"; };
		16AB5FB317FE1FB900B7D45A /* SearchEngineViewController.m */ = {isa = PBXFileReference; fileEncoding = 4; lastKnownFileType = sourcecode.c.objc; name = SearchEngineViewController.m; path = ViewController/SearchEngineViewController.m; sourceTree = "<group>"; };
		16AB5FBA17FF8D6600B7D45A /* Base */ = {isa = PBXFileReference; lastKnownFileType = text.plist.strings; name = Base; path = Base.lproj/Localizable.strings; sourceTree = "<group>"; };
		16AB5FBE17FF8DC700B7D45A /* ja */ = {isa = PBXFileReference; lastKnownFileType = text.plist.strings; name = ja; path = ja.lproj/Localizable.strings; sourceTree = "<group>"; };
		16AB5FBF17FF8DCC00B7D45A /* en */ = {isa = PBXFileReference; lastKnownFileType = text.plist.strings; name = en; path = en.lproj/Localizable.strings; sourceTree = "<group>"; };
		16D0B3B318914AD500880C2B /* NSString+Quicka2.h */ = {isa = PBXFileReference; fileEncoding = 4; lastKnownFileType = sourcecode.c.h; path = "NSString+Quicka2.h"; sourceTree = "<group>"; };
		16D0B3B418914AD500880C2B /* NSString+Quicka2.m */ = {isa = PBXFileReference; fileEncoding = 4; lastKnownFileType = sourcecode.c.objc; path = "NSString+Quicka2.m"; sourceTree = "<group>"; };
		16E0913E2518C2F00089512E /* RLMAction.h */ = {isa = PBXFileReference; lastKnownFileType = sourcecode.c.h; path = RLMAction.h; sourceTree = "<group>"; };
		16E091412518C40E0089512E /* RLMAction.m */ = {isa = PBXFileReference; lastKnownFileType = sourcecode.c.objc; path = RLMAction.m; sourceTree = "<group>"; };
		16E091452518E5BD0089512E /* RLMHistory.h */ = {isa = PBXFileReference; lastKnownFileType = sourcecode.c.h; path = RLMHistory.h; sourceTree = "<group>"; };
		16E091462518E7EB0089512E /* RLMHistory.m */ = {isa = PBXFileReference; lastKnownFileType = sourcecode.c.objc; path = RLMHistory.m; sourceTree = "<group>"; };
		16EE5E581EC7C88500F2188C /* BrowserViewController.h */ = {isa = PBXFileReference; fileEncoding = 4; lastKnownFileType = sourcecode.c.h; name = BrowserViewController.h; path = ViewController/BrowserViewController.h; sourceTree = "<group>"; };
		16EE5E591EC7C88500F2188C /* BrowserViewController.m */ = {isa = PBXFileReference; fileEncoding = 4; lastKnownFileType = sourcecode.c.objc; name = BrowserViewController.m; path = ViewController/BrowserViewController.m; sourceTree = "<group>"; };
		16EEDF581E751AAB001DE9E5 /* ja */ = {isa = PBXFileReference; lastKnownFileType = text.plist.strings; name = ja; path = ja.lproj/InfoPlist.strings; sourceTree = "<group>"; };
		16F947DC17F82C10003923C5 /* CustomTableViewCell.h */ = {isa = PBXFileReference; fileEncoding = 4; lastKnownFileType = sourcecode.c.h; path = CustomTableViewCell.h; sourceTree = "<group>"; };
		16F947DD17F82C10003923C5 /* CustomTableViewCell.m */ = {isa = PBXFileReference; fileEncoding = 4; lastKnownFileType = sourcecode.c.objc; path = CustomTableViewCell.m; sourceTree = "<group>"; };
		16F947DF17F82F64003923C5 /* QuickaUtil.h */ = {isa = PBXFileReference; fileEncoding = 4; lastKnownFileType = sourcecode.c.h; path = QuickaUtil.h; sourceTree = "<group>"; };
		16F947E017F82F64003923C5 /* QuickaUtil.m */ = {isa = PBXFileReference; fileEncoding = 4; lastKnownFileType = sourcecode.c.objc; path = QuickaUtil.m; sourceTree = "<group>"; };
		16F947E817F85CDD003923C5 /* SuggestView.h */ = {isa = PBXFileReference; fileEncoding = 4; lastKnownFileType = sourcecode.c.h; path = SuggestView.h; sourceTree = "<group>"; };
		16F947E917F85CDD003923C5 /* SuggestView.m */ = {isa = PBXFileReference; fileEncoding = 4; lastKnownFileType = sourcecode.c.objc; path = SuggestView.m; sourceTree = "<group>"; };
		16F947EB17FC66C9003923C5 /* SettingsViewController.h */ = {isa = PBXFileReference; fileEncoding = 4; lastKnownFileType = sourcecode.c.h; name = SettingsViewController.h; path = ViewController/SettingsViewController.h; sourceTree = "<group>"; };
		16F947EC17FC66C9003923C5 /* SettingsViewController.m */ = {isa = PBXFileReference; fileEncoding = 4; lastKnownFileType = sourcecode.c.objc; name = SettingsViewController.m; path = ViewController/SettingsViewController.m; sourceTree = "<group>"; };
		D075DE95FAD371F5DEA505BE /* Pods-Quicka.release.xcconfig */ = {isa = PBXFileReference; includeInIndex = 1; lastKnownFileType = text.xcconfig; name = "Pods-Quicka.release.xcconfig"; path = "Target Support Files/Pods-Quicka/Pods-Quicka.release.xcconfig"; sourceTree = "<group>"; };
/* End PBXFileReference section */

/* Begin PBXFrameworksBuildPhase section */
		160BEDAD17E471C000EC97FC /* Frameworks */ = {
			isa = PBXFrameworksBuildPhase;
			buildActionMask = 2147483647;
			files = (
				1647B4221EBC4C610038E066 /* SafariServices.framework in Frameworks */,
				160BEDF517E474E300EC97FC /* QuartzCore.framework in Frameworks */,
				160BEDB617E471C000EC97FC /* CoreGraphics.framework in Frameworks */,
				160BEDBA17E471C000EC97FC /* CoreData.framework in Frameworks */,
				160BEDB817E471C000EC97FC /* UIKit.framework in Frameworks */,
				160BEDB417E471C000EC97FC /* Foundation.framework in Frameworks */,
				B32C0D0D965E150CD4B5E185 /* libPods-Quicka.a in Frameworks */,
			);
			runOnlyForDeploymentPostprocessing = 0;
		};
		160BEDD617E471C100EC97FC /* Frameworks */ = {
			isa = PBXFrameworksBuildPhase;
			buildActionMask = 2147483647;
			files = (
				160BEDDB17E471C100EC97FC /* XCTest.framework in Frameworks */,
				160BEDDE17E471C100EC97FC /* CoreData.framework in Frameworks */,
				160BEDDD17E471C100EC97FC /* UIKit.framework in Frameworks */,
				160BEDDC17E471C100EC97FC /* Foundation.framework in Frameworks */,
			);
			runOnlyForDeploymentPostprocessing = 0;
		};
/* End PBXFrameworksBuildPhase section */

/* Begin PBXGroup section */
		160BEDA717E471C000EC97FC = {
			isa = PBXGroup;
			children = (
				160BEDBB17E471C000EC97FC /* Quicka */,
				160BEDE117E471C100EC97FC /* QuickaTests */,
				160BEDB217E471C000EC97FC /* Frameworks */,
				160BEDB117E471C000EC97FC /* Products */,
				1C754687B93996806D987822 /* Pods */,
			);
			sourceTree = "<group>";
		};
		160BEDB117E471C000EC97FC /* Products */ = {
			isa = PBXGroup;
			children = (
				160BEDB017E471C000EC97FC /* Quicka.app */,
				160BEDD917E471C100EC97FC /* QuickaTests.xctest */,
			);
			name = Products;
			sourceTree = "<group>";
		};
		160BEDB217E471C000EC97FC /* Frameworks */ = {
			isa = PBXGroup;
			children = (
				1647B4211EBC4C610038E066 /* SafariServices.framework */,
				164E80AB181FE894007922D6 /* Security.framework */,
				160BEDF417E474E300EC97FC /* QuartzCore.framework */,
				160BEDB317E471C000EC97FC /* Foundation.framework */,
				160BEDB517E471C000EC97FC /* CoreGraphics.framework */,
				160BEDB717E471C000EC97FC /* UIKit.framework */,
				160BEDB917E471C000EC97FC /* CoreData.framework */,
				160BEDDA17E471C100EC97FC /* XCTest.framework */,
				0EC5FC6471AB6B4B55A8876F /* libPods-Quicka.a */,
			);
			name = Frameworks;
			sourceTree = "<group>";
		};
		160BEDBB17E471C000EC97FC /* Quicka */ = {
			isa = PBXGroup;
			children = (
				166BE333181EF5740002A080 /* Cell */,
				160BEDF917E491E700EC97FC /* Library */,
				160BEDC417E471C000EC97FC /* AppDelegate.h */,
				160BEDC517E471C000EC97FC /* AppDelegate.m */,
				160BEDF117E4745400EC97FC /* ContainerViewController.h */,
				160BEDF217E4745400EC97FC /* ContainerViewController.m */,
				16AB5FE41800275200B7D45A /* Main */,
				16AB5FE51800277D00B7D45A /* Sub */,
				16B8A80A183855CB00469BDC /* Settings */,
				160BEDBC17E471C000EC97FC /* Supporting Files */,
			);
			path = Quicka;
			sourceTree = "<group>";
		};
		160BEDBC17E471C000EC97FC /* Supporting Files */ = {
			isa = PBXGroup;
			children = (
				160E55EE182133F8008937C7 /* Images.xcassets */,
				168FFD831E8FD35D003DB6D9 /* LaunchScreen.storyboard */,
				160BEDBD17E471C000EC97FC /* Quicka-Info.plist */,
				160033B2180756E300FB30D8 /* setup.json */,
				16AB5FBB17FF8D6600B7D45A /* Localizable.strings */,
				160BEDC117E471C000EC97FC /* main.m */,
				160BEDC317E471C000EC97FC /* Quicka-Prefix.pch */,
				16EEDF591E751AAB001DE9E5 /* InfoPlist.strings */,
			);
			name = "Supporting Files";
			sourceTree = "<group>";
		};
		160BEDE117E471C100EC97FC /* QuickaTests */ = {
			isa = PBXGroup;
			children = (
				160BEDE717E471C100EC97FC /* QuickaTests.m */,
				160BEDE217E471C100EC97FC /* Supporting Files */,
			);
			path = QuickaTests;
			sourceTree = "<group>";
		};
		160BEDE217E471C100EC97FC /* Supporting Files */ = {
			isa = PBXGroup;
			children = (
				160BEDE317E471C100EC97FC /* QuickaTests-Info.plist */,
			);
			name = "Supporting Files";
			sourceTree = "<group>";
		};
		160BEDF917E491E700EC97FC /* Library */ = {
			isa = PBXGroup;
			children = (
				16E0913D2518C2470089512E /* Model */,
				169DEB7717E69048000F8C7D /* ModelManager */,
				16D0B3B318914AD500880C2B /* NSString+Quicka2.h */,
				16D0B3B418914AD500880C2B /* NSString+Quicka2.m */,
				16F947DC17F82C10003923C5 /* CustomTableViewCell.h */,
				16F947DD17F82C10003923C5 /* CustomTableViewCell.m */,
				1618E9041827214E00159F92 /* CustomCollectionViewCell.h */,
				1618E9051827214E00159F92 /* CustomCollectionViewCell.m */,
				16F947E817F85CDD003923C5 /* SuggestView.h */,
				16F947E917F85CDD003923C5 /* SuggestView.m */,
				16F947DF17F82F64003923C5 /* QuickaUtil.h */,
				16F947E017F82F64003923C5 /* QuickaUtil.m */,
			);
			path = Library;
			sourceTree = "<group>";
		};
		166BE333181EF5740002A080 /* Cell */ = {
			isa = PBXGroup;
			children = (
				166BE334181EF5740002A080 /* DefaultCell.xib */,
				166BE33A181EF73B0002A080 /* DefaultIconCell.xib */,
				166BE33C181EFAAD0002A080 /* DefaultSubtitleIconCell.xib */,
				166BE340181EFD4A0002A080 /* DefaultCenterCell.xib */,
				1618E90018271AA500159F92 /* CollectionViewColorCell.xib */,
				1618E90218271AB700159F92 /* CollectionViewIconCell.xib */,
				166BE336181EF5A00002A080 /* TitleCell.xib */,
				166BE338181EF5AF0002A080 /* URLCell.xib */,
				1618E9071827228800159F92 /* MyCollectionViewCell.xib */,
			);
			path = Cell;
			sourceTree = "<group>";
		};
		169DEB7717E69048000F8C7D /* ModelManager */ = {
			isa = PBXGroup;
			children = (
				169DEB9517E719E6000F8C7D /* ActionManager.h */,
				169DEB9617E719E6000F8C7D /* ActionManager.m */,
				169DEB7817E6905F000F8C7D /* HistoryManager.h */,
				169DEB7917E6905F000F8C7D /* HistoryManager.m */,
			);
			path = ModelManager;
			sourceTree = "<group>";
		};
		16AB5FE41800275200B7D45A /* Main */ = {
			isa = PBXGroup;
			children = (
				160BEDF617E47C6700EC97FC /* MainViewController.h */,
				160BEDF717E47C6700EC97FC /* MainViewController.m */,
				169DEB8617E6C0E0000F8C7D /* EditViewController.h */,
				169DEB8717E6C0E0000F8C7D /* EditViewController.m */,
				1618E8FD18270C7300159F92 /* CreateIconViewController.h */,
				1618E8FE18270C7300159F92 /* CreateIconViewController.m */,
				163D1C4E1800E3A8009894A5 /* SelectImageViewController.h */,
				163D1C4F1800E3A8009894A5 /* SelectImageViewController.m */,
				169DEB7E17E699A6000F8C7D /* HistoryViewController.h */,
				169DEB7F17E699A6000F8C7D /* HistoryViewController.m */,
				16A840EF180013AE00B946D3 /* AppStoreViewController.h */,
				16A840F0180013AE00B946D3 /* AppStoreViewController.m */,
			);
			name = Main;
			sourceTree = "<group>";
		};
		16AB5FE51800277D00B7D45A /* Sub */ = {
			isa = PBXGroup;
			children = (
				160BEE4717E49B3900EC97FC /* SubViewController.h */,
				160BEE4817E49B3900EC97FC /* SubViewController.m */,
			);
			name = Sub;
			sourceTree = "<group>";
		};
		16B8A80A183855CB00469BDC /* Settings */ = {
			isa = PBXGroup;
			children = (
				160BEDC717E471C000EC97FC /* Settings.storyboard */,
				16F947EB17FC66C9003923C5 /* SettingsViewController.h */,
				16F947EC17FC66C9003923C5 /* SettingsViewController.m */,
				16AB5FB217FE1FB900B7D45A /* SearchEngineViewController.h */,
				16AB5FB317FE1FB900B7D45A /* SearchEngineViewController.m */,
				160E55F01821BB51008937C7 /* CustomEngineViewController.h */,
				160E55F11821BB51008937C7 /* CustomEngineViewController.m */,
				16EE5E581EC7C88500F2188C /* BrowserViewController.h */,
				16EE5E591EC7C88500F2188C /* BrowserViewController.m */,
			);
			name = Settings;
			sourceTree = "<group>";
		};
		16E0913D2518C2470089512E /* Model */ = {
			isa = PBXGroup;
			children = (
				16E0913E2518C2F00089512E /* RLMAction.h */,
				16E091412518C40E0089512E /* RLMAction.m */,
				16E091452518E5BD0089512E /* RLMHistory.h */,
				16E091462518E7EB0089512E /* RLMHistory.m */,
			);
			path = Model;
			sourceTree = "<group>";
		};
		1C754687B93996806D987822 /* Pods */ = {
			isa = PBXGroup;
			children = (
				13150492E367D83C4E92EA6F /* Pods-Quicka.debug.xcconfig */,
				D075DE95FAD371F5DEA505BE /* Pods-Quicka.release.xcconfig */,
			);
			path = Pods;
			sourceTree = "<group>";
		};
/* End PBXGroup section */

/* Begin PBXNativeTarget section */
		160BEDAF17E471C000EC97FC /* Quicka */ = {
			isa = PBXNativeTarget;
			buildConfigurationList = 160BEDEB17E471C100EC97FC /* Build configuration list for PBXNativeTarget "Quicka" */;
			buildPhases = (
				3A604BE6383E73057B66B2BB /* [CP] Check Pods Manifest.lock */,
				160BEDAC17E471C000EC97FC /* Sources */,
				160BEDAD17E471C000EC97FC /* Frameworks */,
				160BEDAE17E471C000EC97FC /* Resources */,
				22366CB8E32C680CCA0290A8 /* [CP] Copy Pods Resources */,
			);
			buildRules = (
			);
			dependencies = (
			);
			name = Quicka;
			productName = Quicka;
			productReference = 160BEDB017E471C000EC97FC /* Quicka.app */;
			productType = "com.apple.product-type.application";
		};
		160BEDD817E471C100EC97FC /* QuickaTests */ = {
			isa = PBXNativeTarget;
			buildConfigurationList = 160BEDEE17E471C100EC97FC /* Build configuration list for PBXNativeTarget "QuickaTests" */;
			buildPhases = (
				160BEDD517E471C100EC97FC /* Sources */,
				160BEDD617E471C100EC97FC /* Frameworks */,
				160BEDD717E471C100EC97FC /* Resources */,
			);
			buildRules = (
			);
			dependencies = (
				160BEDE017E471C100EC97FC /* PBXTargetDependency */,
			);
			name = QuickaTests;
			productName = QuickaTests;
			productReference = 160BEDD917E471C100EC97FC /* QuickaTests.xctest */;
			productType = "com.apple.product-type.bundle.unit-test";
		};
/* End PBXNativeTarget section */

/* Begin PBXProject section */
		160BEDA817E471C000EC97FC /* Project object */ = {
			isa = PBXProject;
			attributes = {
				BuildIndependentTargetsInParallel = YES;
				LastUpgradeCheck = 1600;
				ORGANIZATIONNAME = "OCHIISHI Koichiro";
				TargetAttributes = {
					160BEDAF17E471C000EC97FC = {
						ProvisioningStyle = Automatic;
					};
					160BEDD817E471C100EC97FC = {
						TestTargetID = 160BEDAF17E471C000EC97FC;
					};
				};
			};
			buildConfigurationList = 160BEDAB17E471C000EC97FC /* Build configuration list for PBXProject "Quicka" */;
			compatibilityVersion = "Xcode 3.2";
			developmentRegion = en;
			hasScannedForEncodings = 0;
			knownRegions = (
				en,
				Base,
				ja,
			);
			mainGroup = 160BEDA717E471C000EC97FC;
			productRefGroup = 160BEDB117E471C000EC97FC /* Products */;
			projectDirPath = "";
			projectRoot = "";
			targets = (
				160BEDAF17E471C000EC97FC /* Quicka */,
				160BEDD817E471C100EC97FC /* QuickaTests */,
			);
		};
/* End PBXProject section */

/* Begin PBXResourcesBuildPhase section */
		160BEDAE17E471C000EC97FC /* Resources */ = {
			isa = PBXResourcesBuildPhase;
			buildActionMask = 2147483647;
			files = (
				166BE335181EF5740002A080 /* DefaultCell.xib in Resources */,
				16EEDF571E751AAB001DE9E5 /* InfoPlist.strings in Resources */,
				160E55EF182133F8008937C7 /* Images.xcassets in Resources */,
				166BE339181EF5AF0002A080 /* URLCell.xib in Resources */,
				1618E90318271AB700159F92 /* CollectionViewIconCell.xib in Resources */,
				166BE33D181EFAAD0002A080 /* DefaultSubtitleIconCell.xib in Resources */,
				166BE337181EF5A00002A080 /* TitleCell.xib in Resources */,
				168FFD851E8FD35D003DB6D9 /* LaunchScreen.storyboard in Resources */,
				1618E9081827228800159F92 /* MyCollectionViewCell.xib in Resources */,
				160033B3180756E300FB30D8 /* setup.json in Resources */,
				166BE341181EFD4A0002A080 /* DefaultCenterCell.xib in Resources */,
				16AB5FB917FF8D6600B7D45A /* Localizable.strings in Resources */,
				166BE33B181EF73B0002A080 /* DefaultIconCell.xib in Resources */,
				1618E90118271AA500159F92 /* CollectionViewColorCell.xib in Resources */,
				160BEDC917E471C000EC97FC /* Settings.storyboard in Resources */,
			);
			runOnlyForDeploymentPostprocessing = 0;
		};
		160BEDD717E471C100EC97FC /* Resources */ = {
			isa = PBXResourcesBuildPhase;
			buildActionMask = 2147483647;
			files = (
			);
			runOnlyForDeploymentPostprocessing = 0;
		};
/* End PBXResourcesBuildPhase section */

/* Begin PBXShellScriptBuildPhase section */
		22366CB8E32C680CCA0290A8 /* [CP] Copy Pods Resources */ = {
			isa = PBXShellScriptBuildPhase;
			buildActionMask = 2147483647;
			files = (
			);
			inputPaths = (
				"${PODS_ROOT}/Target Support Files/Pods-Quicka/Pods-Quicka-resources.sh",
				"${PODS_CONFIGURATION_BUILD_DIR}/Realm/realm_objc_privacy.bundle",
				"${PODS_CONFIGURATION_BUILD_DIR}/SDWebImage/SDWebImage.bundle",
			);
			name = "[CP] Copy Pods Resources";
			outputPaths = (
				"${TARGET_BUILD_DIR}/${UNLOCALIZED_RESOURCES_FOLDER_PATH}/realm_objc_privacy.bundle",
				"${TARGET_BUILD_DIR}/${UNLOCALIZED_RESOURCES_FOLDER_PATH}/SDWebImage.bundle",
			);
			runOnlyForDeploymentPostprocessing = 0;
			shellPath = /bin/sh;
			shellScript = "\"${PODS_ROOT}/Target Support Files/Pods-Quicka/Pods-Quicka-resources.sh\"\n";
			showEnvVarsInLog = 0;
		};
		3A604BE6383E73057B66B2BB /* [CP] Check Pods Manifest.lock */ = {
			isa = PBXShellScriptBuildPhase;
			buildActionMask = 2147483647;
			files = (
			);
			inputFileListPaths = (
			);
			inputPaths = (
				"${PODS_PODFILE_DIR_PATH}/Podfile.lock",
				"${PODS_ROOT}/Manifest.lock",
			);
			name = "[CP] Check Pods Manifest.lock";
			outputFileListPaths = (
			);
			outputPaths = (
				"$(DERIVED_FILE_DIR)/Pods-Quicka-checkManifestLockResult.txt",
			);
			runOnlyForDeploymentPostprocessing = 0;
			shellPath = /bin/sh;
			shellScript = "diff \"${PODS_PODFILE_DIR_PATH}/Podfile.lock\" \"${PODS_ROOT}/Manifest.lock\" > /dev/null\nif [ $? != 0 ] ; then\n    # print error to STDERR\n    echo \"error: The sandbox is not in sync with the Podfile.lock. Run 'pod install' or update your CocoaPods installation.\" >&2\n    exit 1\nfi\n# This output is used by Xcode 'outputs' to avoid re-running this script phase.\necho \"SUCCESS\" > \"${SCRIPT_OUTPUT_FILE_0}\"\n";
			showEnvVarsInLog = 0;
		};
/* End PBXShellScriptBuildPhase section */

/* Begin PBXSourcesBuildPhase section */
		160BEDAC17E471C000EC97FC /* Sources */ = {
			isa = PBXSourcesBuildPhase;
			buildActionMask = 2147483647;
			files = (
				16E091422518C40E0089512E /* RLMAction.m in Sources */,
				16F947ED17FC66C9003923C5 /* SettingsViewController.m in Sources */,
				16E091472518E7EB0089512E /* RLMHistory.m in Sources */,
				16F947EA17F85CDD003923C5 /* SuggestView.m in Sources */,
				16A840F1180013AE00B946D3 /* AppStoreViewController.m in Sources */,
				16EE5E5A1EC7C88500F2188C /* BrowserViewController.m in Sources */,
				160BEDF317E4745400EC97FC /* ContainerViewController.m in Sources */,
				160BEE4917E49B3900EC97FC /* SubViewController.m in Sources */,
				16F947DE17F82C10003923C5 /* CustomTableViewCell.m in Sources */,
				160BEDC617E471C000EC97FC /* AppDelegate.m in Sources */,
				1618E8FF18270C7300159F92 /* CreateIconViewController.m in Sources */,
				169DEB9717E719E6000F8C7D /* ActionManager.m in Sources */,
				169DEB8817E6C0E0000F8C7D /* EditViewController.m in Sources */,
				163D1C501800E3A8009894A5 /* SelectImageViewController.m in Sources */,
				160BEDF817E47C6700EC97FC /* MainViewController.m in Sources */,
				169DEB7A17E6905F000F8C7D /* HistoryManager.m in Sources */,
				16AB5FB417FE1FB900B7D45A /* SearchEngineViewController.m in Sources */,
				1618E9061827214E00159F92 /* CustomCollectionViewCell.m in Sources */,
				16F947E117F82F64003923C5 /* QuickaUtil.m in Sources */,
				160E55F21821BB51008937C7 /* CustomEngineViewController.m in Sources */,
				160BEDC217E471C000EC97FC /* main.m in Sources */,
				16D0B3B518914AD500880C2B /* NSString+Quicka2.m in Sources */,
				169DEB8017E699A6000F8C7D /* HistoryViewController.m in Sources */,
			);
			runOnlyForDeploymentPostprocessing = 0;
		};
		160BEDD517E471C100EC97FC /* Sources */ = {
			isa = PBXSourcesBuildPhase;
			buildActionMask = 2147483647;
			files = (
				160BEDE817E471C100EC97FC /* QuickaTests.m in Sources */,
			);
			runOnlyForDeploymentPostprocessing = 0;
		};
/* End PBXSourcesBuildPhase section */

/* Begin PBXTargetDependency section */
		160BEDE017E471C100EC97FC /* PBXTargetDependency */ = {
			isa = PBXTargetDependency;
			target = 160BEDAF17E471C000EC97FC /* Quicka */;
			targetProxy = 160BEDDF17E471C100EC97FC /* PBXContainerItemProxy */;
		};
/* End PBXTargetDependency section */

/* Begin PBXVariantGroup section */
		160BEDC717E471C000EC97FC /* Settings.storyboard */ = {
			isa = PBXVariantGroup;
			children = (
				160BEDC817E471C000EC97FC /* Base */,
			);
			name = Settings.storyboard;
			sourceTree = "<group>";
		};
		168FFD831E8FD35D003DB6D9 /* LaunchScreen.storyboard */ = {
			isa = PBXVariantGroup;
			children = (
				168FFD841E8FD35D003DB6D9 /* Base */,
			);
			name = LaunchScreen.storyboard;
			sourceTree = "<group>";
		};
		16AB5FBB17FF8D6600B7D45A /* Localizable.strings */ = {
			isa = PBXVariantGroup;
			children = (
				16AB5FBA17FF8D6600B7D45A /* Base */,
				16AB5FBE17FF8DC700B7D45A /* ja */,
				16AB5FBF17FF8DCC00B7D45A /* en */,
			);
			name = Localizable.strings;
			sourceTree = "<group>";
		};
		16EEDF591E751AAB001DE9E5 /* InfoPlist.strings */ = {
			isa = PBXVariantGroup;
			children = (
				16EEDF581E751AAB001DE9E5 /* ja */,
			);
			name = InfoPlist.strings;
			sourceTree = "<group>";
		};
/* End PBXVariantGroup section */

/* Begin XCBuildConfiguration section */
		160BEDE917E471C100EC97FC /* Debug */ = {
			isa = XCBuildConfiguration;
			buildSettings = {
				ALWAYS_SEARCH_USER_PATHS = NO;
				CLANG_ANALYZER_LOCALIZABILITY_NONLOCALIZED = YES;
				CLANG_CXX_LANGUAGE_STANDARD = "gnu++0x";
				CLANG_CXX_LIBRARY = "libc++";
				CLANG_ENABLE_MODULES = YES;
				CLANG_ENABLE_OBJC_ARC = YES;
				CLANG_WARN_BLOCK_CAPTURE_AUTORELEASING = YES;
				CLANG_WARN_BOOL_CONVERSION = YES;
				CLANG_WARN_COMMA = YES;
				CLANG_WARN_CONSTANT_CONVERSION = YES;
				CLANG_WARN_DEPRECATED_OBJC_IMPLEMENTATIONS = YES;
				CLANG_WARN_DIRECT_OBJC_ISA_USAGE = YES_ERROR;
				CLANG_WARN_EMPTY_BODY = YES;
				CLANG_WARN_ENUM_CONVERSION = YES;
				CLANG_WARN_INFINITE_RECURSION = YES;
				CLANG_WARN_INT_CONVERSION = YES;
				CLANG_WARN_NON_LITERAL_NULL_CONVERSION = YES;
				CLANG_WARN_OBJC_IMPLICIT_RETAIN_SELF = YES;
				CLANG_WARN_OBJC_LITERAL_CONVERSION = YES;
				CLANG_WARN_OBJC_ROOT_CLASS = YES_ERROR;
				CLANG_WARN_QUOTED_INCLUDE_IN_FRAMEWORK_HEADER = YES;
				CLANG_WARN_RANGE_LOOP_ANALYSIS = YES;
				CLANG_WARN_STRICT_PROTOTYPES = YES;
				CLANG_WARN_SUSPICIOUS_MOVE = YES;
				CLANG_WARN_UNREACHABLE_CODE = YES;
				CLANG_WARN__DUPLICATE_METHOD_MATCH = YES;
				"CODE_SIGN_IDENTITY[sdk=iphoneos*]" = "iPhone Distribution: KOICHIRO OCHIISHI";
				COPY_PHASE_STRIP = NO;
				ENABLE_STRICT_OBJC_MSGSEND = YES;
				ENABLE_TESTABILITY = YES;
				ENABLE_USER_SCRIPT_SANDBOXING = NO;
				GCC_C_LANGUAGE_STANDARD = gnu99;
				GCC_DYNAMIC_NO_PIC = NO;
				GCC_NO_COMMON_BLOCKS = YES;
				GCC_OPTIMIZATION_LEVEL = 0;
				GCC_PREPROCESSOR_DEFINITIONS = (
					"DEBUG=1",
					"$(inherited)",
				);
				GCC_SYMBOLS_PRIVATE_EXTERN = NO;
				GCC_WARN_64_TO_32_BIT_CONVERSION = YES;
				GCC_WARN_ABOUT_RETURN_TYPE = YES_ERROR;
				GCC_WARN_UNDECLARED_SELECTOR = YES;
				GCC_WARN_UNINITIALIZED_AUTOS = YES;
				GCC_WARN_UNUSED_FUNCTION = YES;
				GCC_WARN_UNUSED_VARIABLE = YES;
				IPHONEOS_DEPLOYMENT_TARGET = 15.6;
				ONLY_ACTIVE_ARCH = YES;
				PROVISIONING_PROFILE = "65FB15CD-ACA3-499F-80AD-39C79244CF9F";
				SDKROOT = iphoneos;
			};
			name = Debug;
		};
		160BEDEA17E471C100EC97FC /* Release */ = {
			isa = XCBuildConfiguration;
			buildSettings = {
				ALWAYS_SEARCH_USER_PATHS = NO;
				CLANG_ANALYZER_LOCALIZABILITY_NONLOCALIZED = YES;
				CLANG_CXX_LANGUAGE_STANDARD = "gnu++0x";
				CLANG_CXX_LIBRARY = "libc++";
				CLANG_ENABLE_MODULES = YES;
				CLANG_ENABLE_OBJC_ARC = YES;
				CLANG_WARN_BLOCK_CAPTURE_AUTORELEASING = YES;
				CLANG_WARN_BOOL_CONVERSION = YES;
				CLANG_WARN_COMMA = YES;
				CLANG_WARN_CONSTANT_CONVERSION = YES;
				CLANG_WARN_DEPRECATED_OBJC_IMPLEMENTATIONS = YES;
				CLANG_WARN_DIRECT_OBJC_ISA_USAGE = YES_ERROR;
				CLANG_WARN_EMPTY_BODY = YES;
				CLANG_WARN_ENUM_CONVERSION = YES;
				CLANG_WARN_INFINITE_RECURSION = YES;
				CLANG_WARN_INT_CONVERSION = YES;
				CLANG_WARN_NON_LITERAL_NULL_CONVERSION = YES;
				CLANG_WARN_OBJC_IMPLICIT_RETAIN_SELF = YES;
				CLANG_WARN_OBJC_LITERAL_CONVERSION = YES;
				CLANG_WARN_OBJC_ROOT_CLASS = YES_ERROR;
				CLANG_WARN_QUOTED_INCLUDE_IN_FRAMEWORK_HEADER = YES;
				CLANG_WARN_RANGE_LOOP_ANALYSIS = YES;
				CLANG_WARN_STRICT_PROTOTYPES = YES;
				CLANG_WARN_SUSPICIOUS_MOVE = YES;
				CLANG_WARN_UNREACHABLE_CODE = YES;
				CLANG_WARN__DUPLICATE_METHOD_MATCH = YES;
				"CODE_SIGN_IDENTITY[sdk=iphoneos*]" = "iPhone Distribution: KOICHIRO OCHIISHI";
				COPY_PHASE_STRIP = YES;
				ENABLE_NS_ASSERTIONS = NO;
				ENABLE_STRICT_OBJC_MSGSEND = YES;
				ENABLE_USER_SCRIPT_SANDBOXING = NO;
				GCC_C_LANGUAGE_STANDARD = gnu99;
				GCC_NO_COMMON_BLOCKS = YES;
				GCC_WARN_64_TO_32_BIT_CONVERSION = YES;
				GCC_WARN_ABOUT_RETURN_TYPE = YES_ERROR;
				GCC_WARN_UNDECLARED_SELECTOR = YES;
				GCC_WARN_UNINITIALIZED_AUTOS = YES;
				GCC_WARN_UNUSED_FUNCTION = YES;
				GCC_WARN_UNUSED_VARIABLE = YES;
				IPHONEOS_DEPLOYMENT_TARGET = 15.6;
				PROVISIONING_PROFILE = "65FB15CD-ACA3-499F-80AD-39C79244CF9F";
				SDKROOT = iphoneos;
				VALIDATE_PRODUCT = YES;
			};
			name = Release;
		};
		160BEDEC17E471C100EC97FC /* Debug */ = {
			isa = XCBuildConfiguration;
			baseConfigurationReference = 13150492E367D83C4E92EA6F /* Pods-Quicka.debug.xcconfig */;
			buildSettings = {
				ASSETCATALOG_COMPILER_APPICON_NAME = AppIcon;
				CODE_SIGN_IDENTITY = "iPhone Developer";
				"CODE_SIGN_IDENTITY[sdk=iphoneos*]" = "iPhone Developer";
				CURRENT_PROJECT_VERSION = 26;
				DEVELOPMENT_TEAM = CLLJ787FV4;
				GCC_PRECOMPILE_PREFIX_HEADER = YES;
				GCC_PREFIX_HEADER = "Quicka/Quicka-Prefix.pch";
				GCC_WARN_UNDECLARED_SELECTOR = NO;
				INFOPLIST_FILE = "Quicka/Quicka-Info.plist";
				IPHONEOS_DEPLOYMENT_TARGET = 15.6;
				MARKETING_VERSION = 1.4.5;
				PRODUCT_BUNDLE_IDENTIFIER = com.rakuishi.Quicka2;
				PRODUCT_NAME = "$(TARGET_NAME)";
				PROVISIONING_PROFILE = "";
				TARGETED_DEVICE_FAMILY = 1;
				WRAPPER_EXTENSION = app;
			};
			name = Debug;
		};
		160BEDED17E471C100EC97FC /* Release */ = {
			isa = XCBuildConfiguration;
			baseConfigurationReference = D075DE95FAD371F5DEA505BE /* Pods-Quicka.release.xcconfig */;
			buildSettings = {
				ASSETCATALOG_COMPILER_APPICON_NAME = AppIcon;
				CODE_SIGN_IDENTITY = "iPhone Distribution";
				"CODE_SIGN_IDENTITY[sdk=iphoneos*]" = "iPhone Developer";
				CURRENT_PROJECT_VERSION = 26;
				DEVELOPMENT_TEAM = CLLJ787FV4;
				GCC_PRECOMPILE_PREFIX_HEADER = YES;
				GCC_PREFIX_HEADER = "Quicka/Quicka-Prefix.pch";
				GCC_WARN_UNDECLARED_SELECTOR = NO;
				INFOPLIST_FILE = "Quicka/Quicka-Info.plist";
				IPHONEOS_DEPLOYMENT_TARGET = 15.6;
				MARKETING_VERSION = 1.4.5;
				PRODUCT_BUNDLE_IDENTIFIER = com.rakuishi.Quicka2;
				PRODUCT_NAME = "$(TARGET_NAME)";
				PROVISIONING_PROFILE = "";
				TARGETED_DEVICE_FAMILY = 1;
				WRAPPER_EXTENSION = app;
			};
			name = Release;
		};
		160BEDEF17E471C100EC97FC /* Debug */ = {
			isa = XCBuildConfiguration;
			buildSettings = {
				BUNDLE_LOADER = "$(BUILT_PRODUCTS_DIR)/Quicka.app/Quicka";
				FRAMEWORK_SEARCH_PATHS = (
					"$(SDKROOT)/Developer/Library/Frameworks",
					"$(inherited)",
					"$(DEVELOPER_FRAMEWORKS_DIR)",
				);
				GCC_PRECOMPILE_PREFIX_HEADER = YES;
				GCC_PREFIX_HEADER = "Quicka/Quicka-Prefix.pch";
				GCC_PREPROCESSOR_DEFINITIONS = (
					"DEBUG=1",
					"$(inherited)",
				);
				INFOPLIST_FILE = "QuickaTests/QuickaTests-Info.plist";
				PRODUCT_BUNDLE_IDENTIFIER = "com.rakuishi.${PRODUCT_NAME:rfc1034identifier}";
				PRODUCT_NAME = "$(TARGET_NAME)";
				TEST_HOST = "$(BUNDLE_LOADER)";
				WRAPPER_EXTENSION = xctest;
			};
			name = Debug;
		};
		160BEDF017E471C100EC97FC /* Release */ = {
			isa = XCBuildConfiguration;
			buildSettings = {
				BUNDLE_LOADER = "$(BUILT_PRODUCTS_DIR)/Quicka.app/Quicka";
				FRAMEWORK_SEARCH_PATHS = (
					"$(SDKROOT)/Developer/Library/Frameworks",
					"$(inherited)",
					"$(DEVELOPER_FRAMEWORKS_DIR)",
				);
				GCC_PRECOMPILE_PREFIX_HEADER = YES;
				GCC_PREFIX_HEADER = "Quicka/Quicka-Prefix.pch";
				INFOPLIST_FILE = "QuickaTests/QuickaTests-Info.plist";
				PRODUCT_BUNDLE_IDENTIFIER = "com.rakuishi.${PRODUCT_NAME:rfc1034identifier}";
				PRODUCT_NAME = "$(TARGET_NAME)";
				TEST_HOST = "$(BUNDLE_LOADER)";
				WRAPPER_EXTENSION = xctest;
			};
			name = Release;
		};
/* End XCBuildConfiguration section */

/* Begin XCConfigurationList section */
		160BEDAB17E471C000EC97FC /* Build configuration list for PBXProject "Quicka" */ = {
			isa = XCConfigurationList;
			buildConfigurations = (
				160BEDE917E471C100EC97FC /* Debug */,
				160BEDEA17E471C100EC97FC /* Release */,
			);
			defaultConfigurationIsVisible = 0;
			defaultConfigurationName = Release;
		};
		160BEDEB17E471C100EC97FC /* Build configuration list for PBXNativeTarget "Quicka" */ = {
			isa = XCConfigurationList;
			buildConfigurations = (
				160BEDEC17E471C100EC97FC /* Debug */,
				160BEDED17E471C100EC97FC /* Release */,
			);
			defaultConfigurationIsVisible = 0;
			defaultConfigurationName = Release;
		};
		160BEDEE17E471C100EC97FC /* Build configuration list for PBXNativeTarget "QuickaTests" */ = {
			isa = XCConfigurationList;
			buildConfigurations = (
				160BEDEF17E471C100EC97FC /* Debug */,
				160BEDF017E471C100EC97FC /* Release */,
			);
			defaultConfigurationIsVisible = 0;
			defaultConfigurationName = Release;
		};
/* End XCConfigurationList section */
	};
	rootObject = 160BEDA817E471C000EC97FC /* Project object */;
}
