// !$*UTF8*$!
{
	archiveVersion = 1;
	classes = {
	};
	objectVersion = 46;
	objects = {

/* Begin PBXBuildFile section */
		160033B3180756E300FB30D8 /* setup.json in Resources */ = {isa = PBXBuildFile; fileRef = 160033B2180756E300FB30D8 /* setup.json */; };
		160BEDB417E471C000EC97FC /* Foundation.framework in Frameworks */ = {isa = PBXBuildFile; fileRef = 160BEDB317E471C000EC97FC /* Foundation.framework */; };
		160BEDB617E471C000EC97FC /* CoreGraphics.framework in Frameworks */ = {isa = PBXBuildFile; fileRef = 160BEDB517E471C000EC97FC /* CoreGraphics.framework */; };
		160BEDB817E471C000EC97FC /* UIKit.framework in Frameworks */ = {isa = PBXBuildFile; fileRef = 160BEDB717E471C000EC97FC /* UIKit.framework */; };
		160BEDBA17E471C000EC97FC /* CoreData.framework in Frameworks */ = {isa = PBXBuildFile; fileRef = 160BEDB917E471C000EC97FC /* CoreData.framework */; };
		160BEDC217E471C000EC97FC /* main.m in Sources */ = {isa = PBXBuildFile; fileRef = 160BEDC117E471C000EC97FC /* main.m */; };
		160BEDC617E471C000EC97FC /* AppDelegate.m in Sources */ = {isa = PBXBuildFile; fileRef = 160BEDC517E471C000EC97FC /* AppDelegate.m */; };
		160BEDC917E471C000EC97FC /* Settings.storyboard in Resources */ = {isa = PBXBuildFile; fileRef = 160BEDC717E471C000EC97FC /* Settings.storyboard */; };
		160BEDCC17E471C000EC97FC /* Quicka.xcdatamodeld in Sources */ = {isa = PBXBuildFile; fileRef = 160BEDCA17E471C000EC97FC /* Quicka.xcdatamodeld */; };
		160BEDDB17E471C100EC97FC /* XCTest.framework in Frameworks */ = {isa = PBXBuildFile; fileRef = 160BEDDA17E471C100EC97FC /* XCTest.framework */; };
		160BEDDC17E471C100EC97FC /* Foundation.framework in Frameworks */ = {isa = PBXBuildFile; fileRef = 160BEDB317E471C000EC97FC /* Foundation.framework */; };
		160BEDDD17E471C100EC97FC /* UIKit.framework in Frameworks */ = {isa = PBXBuildFile; fileRef = 160BEDB717E471C000EC97FC /* UIKit.framework */; };
		160BEDDE17E471C100EC97FC /* CoreData.framework in Frameworks */ = {isa = PBXBuildFile; fileRef = 160BEDB917E471C000EC97FC /* CoreData.framework */; };
		160BEDE817E471C100EC97FC /* QuickaTests.m in Sources */ = {isa = PBXBuildFile; fileRef = 160BEDE717E471C100EC97FC /* QuickaTests.m */; };
		160BEDF317E4745400EC97FC /* ContainerViewController.m in Sources */ = {isa = PBXBuildFile; fileRef = 160BEDF217E4745400EC97FC /* ContainerViewController.m */; };
		160BEDF517E474E300EC97FC /* QuartzCore.framework in Frameworks */ = {isa = PBXBuildFile; fileRef = 160BEDF417E474E300EC97FC /* QuartzCore.framework */; };
		160BEDF817E47C6700EC97FC /* MainViewController.m in Sources */ = {isa = PBXBuildFile; fileRef = 160BEDF717E47C6700EC97FC /* MainViewController.m */; };
		160BEE4917E49B3900EC97FC /* SubViewController.m in Sources */ = {isa = PBXBuildFile; fileRef = 160BEE4817E49B3900EC97FC /* SubViewController.m */; };
		160E55EF182133F8008937C7 /* Images.xcassets in Resources */ = {isa = PBXBuildFile; fileRef = 160E55EE182133F8008937C7 /* Images.xcassets */; };
		160E55F21821BB51008937C7 /* CustomEngineViewController.m in Sources */ = {isa = PBXBuildFile; fileRef = 160E55F11821BB51008937C7 /* CustomEngineViewController.m */; };
		1618E8FF18270C7300159F92 /* CreateIconViewController.m in Sources */ = {isa = PBXBuildFile; fileRef = 1618E8FE18270C7300159F92 /* CreateIconViewController.m */; };
		1618E90118271AA500159F92 /* CollectionViewColorCell.xib in Resources */ = {isa = PBXBuildFile; fileRef = 1618E90018271AA500159F92 /* CollectionViewColorCell.xib */; };
		1618E90318271AB700159F92 /* CollectionViewIconCell.xib in Resources */ = {isa = PBXBuildFile; fileRef = 1618E90218271AB700159F92 /* CollectionViewIconCell.xib */; };
		1618E9061827214E00159F92 /* CustomCollectionViewCell.m in Sources */ = {isa = PBXBuildFile; fileRef = 1618E9051827214E00159F92 /* CustomCollectionViewCell.m */; };
		1618E9081827228800159F92 /* MyCollectionViewCell.xib in Resources */ = {isa = PBXBuildFile; fileRef = 1618E9071827228800159F92 /* MyCollectionViewCell.xib */; };
		163D1C501800E3A8009894A5 /* SelectImageViewController.m in Sources */ = {isa = PBXBuildFile; fileRef = 163D1C4F1800E3A8009894A5 /* SelectImageViewController.m */; };
		1647B4221EBC4C610038E066 /* SafariServices.framework in Frameworks */ = {isa = PBXBuildFile; fileRef = 1647B4211EBC4C610038E066 /* SafariServices.framework */; };
		165146B1216A472F00813B82 /* FLAnimatedImage.m in Sources */ = {isa = PBXBuildFile; fileRef = 165146AD216A472F00813B82 /* FLAnimatedImage.m */; };
		165146B2216A472F00813B82 /* FLAnimatedImageView.m in Sources */ = {isa = PBXBuildFile; fileRef = 165146AE216A472F00813B82 /* FLAnimatedImageView.m */; };
		166BE335181EF5740002A080 /* DefaultCell.xib in Resources */ = {isa = PBXBuildFile; fileRef = 166BE334181EF5740002A080 /* DefaultCell.xib */; };
		166BE337181EF5A00002A080 /* TitleCell.xib in Resources */ = {isa = PBXBuildFile; fileRef = 166BE336181EF5A00002A080 /* TitleCell.xib */; };
		166BE339181EF5AF0002A080 /* URLCell.xib in Resources */ = {isa = PBXBuildFile; fileRef = 166BE338181EF5AF0002A080 /* URLCell.xib */; };
		166BE33B181EF73B0002A080 /* DefaultIconCell.xib in Resources */ = {isa = PBXBuildFile; fileRef = 166BE33A181EF73B0002A080 /* DefaultIconCell.xib */; };
		166BE33D181EFAAD0002A080 /* DefaultSubtitleIconCell.xib in Resources */ = {isa = PBXBuildFile; fileRef = 166BE33C181EFAAD0002A080 /* DefaultSubtitleIconCell.xib */; };
		166BE341181EFD4A0002A080 /* DefaultCenterCell.xib in Resources */ = {isa = PBXBuildFile; fileRef = 166BE340181EFD4A0002A080 /* DefaultCenterCell.xib */; };
		1672817417E5454B0072173D /* MagicalImportFunctions.m in Sources */ = {isa = PBXBuildFile; fileRef = 1672813C17E5454B0072173D /* MagicalImportFunctions.m */; };
		1672817517E5454B0072173D /* NSAttributeDescription+MagicalDataImport.m in Sources */ = {isa = PBXBuildFile; fileRef = 1672813E17E5454B0072173D /* NSAttributeDescription+MagicalDataImport.m */; };
		1672817617E5454B0072173D /* NSEntityDescription+MagicalDataImport.m in Sources */ = {isa = PBXBuildFile; fileRef = 1672814017E5454B0072173D /* NSEntityDescription+MagicalDataImport.m */; };
		1672817717E5454B0072173D /* NSNumber+MagicalDataImport.m in Sources */ = {isa = PBXBuildFile; fileRef = 1672814217E5454B0072173D /* NSNumber+MagicalDataImport.m */; };
		1672817817E5454B0072173D /* NSObject+MagicalDataImport.m in Sources */ = {isa = PBXBuildFile; fileRef = 1672814417E5454B0072173D /* NSObject+MagicalDataImport.m */; };
		1672817917E5454B0072173D /* NSRelationshipDescription+MagicalDataImport.m in Sources */ = {isa = PBXBuildFile; fileRef = 1672814617E5454B0072173D /* NSRelationshipDescription+MagicalDataImport.m */; };
		1672817A17E5454B0072173D /* NSString+MagicalDataImport.m in Sources */ = {isa = PBXBuildFile; fileRef = 1672814817E5454B0072173D /* NSString+MagicalDataImport.m */; };
		1672817B17E5454B0072173D /* NSManagedObject+MagicalAggregation.m in Sources */ = {isa = PBXBuildFile; fileRef = 1672814B17E5454B0072173D /* NSManagedObject+MagicalAggregation.m */; };
		1672817C17E5454B0072173D /* NSManagedObject+MagicalDataImport.m in Sources */ = {isa = PBXBuildFile; fileRef = 1672814D17E5454B0072173D /* NSManagedObject+MagicalDataImport.m */; };
		1672817D17E5454B0072173D /* NSManagedObject+MagicalFinders.m in Sources */ = {isa = PBXBuildFile; fileRef = 1672814F17E5454B0072173D /* NSManagedObject+MagicalFinders.m */; };
		1672817E17E5454B0072173D /* NSManagedObject+MagicalRecord.m in Sources */ = {isa = PBXBuildFile; fileRef = 1672815117E5454B0072173D /* NSManagedObject+MagicalRecord.m */; };
		1672817F17E5454B0072173D /* NSManagedObject+MagicalRequests.m in Sources */ = {isa = PBXBuildFile; fileRef = 1672815317E5454B0072173D /* NSManagedObject+MagicalRequests.m */; };
		1672818017E5454B0072173D /* NSManagedObjectContext+MagicalObserving.m in Sources */ = {isa = PBXBuildFile; fileRef = 1672815617E5454B0072173D /* NSManagedObjectContext+MagicalObserving.m */; };
		1672818117E5454B0072173D /* NSManagedObjectContext+MagicalRecord.m in Sources */ = {isa = PBXBuildFile; fileRef = 1672815817E5454B0072173D /* NSManagedObjectContext+MagicalRecord.m */; };
		1672818217E5454B0072173D /* NSManagedObjectContext+MagicalSaves.m in Sources */ = {isa = PBXBuildFile; fileRef = 1672815A17E5454B0072173D /* NSManagedObjectContext+MagicalSaves.m */; };
		1672818317E5454B0072173D /* NSManagedObjectContext+MagicalThreading.m in Sources */ = {isa = PBXBuildFile; fileRef = 1672815C17E5454B0072173D /* NSManagedObjectContext+MagicalThreading.m */; };
		1672818417E5454B0072173D /* NSManagedObjectModel+MagicalRecord.m in Sources */ = {isa = PBXBuildFile; fileRef = 1672815E17E5454B0072173D /* NSManagedObjectModel+MagicalRecord.m */; };
		1672818517E5454B0072173D /* NSPersistentStore+MagicalRecord.m in Sources */ = {isa = PBXBuildFile; fileRef = 1672816017E5454B0072173D /* NSPersistentStore+MagicalRecord.m */; };
		1672818617E5454B0072173D /* NSPersistentStoreCoordinator+MagicalRecord.m in Sources */ = {isa = PBXBuildFile; fileRef = 1672816217E5454B0072173D /* NSPersistentStoreCoordinator+MagicalRecord.m */; };
		1672818717E5454B0072173D /* MagicalRecord+Actions.m in Sources */ = {isa = PBXBuildFile; fileRef = 1672816517E5454B0072173D /* MagicalRecord+Actions.m */; };
		1672818817E5454B0072173D /* MagicalRecord+ErrorHandling.m in Sources */ = {isa = PBXBuildFile; fileRef = 1672816717E5454B0072173D /* MagicalRecord+ErrorHandling.m */; };
		1672818917E5454B0072173D /* MagicalRecord+iCloud.m in Sources */ = {isa = PBXBuildFile; fileRef = 1672816917E5454B0072173D /* MagicalRecord+iCloud.m */; };
		1672818A17E5454B0072173D /* MagicalRecord+Options.m in Sources */ = {isa = PBXBuildFile; fileRef = 1672816B17E5454B0072173D /* MagicalRecord+Options.m */; };
		1672818B17E5454B0072173D /* MagicalRecord+Setup.m in Sources */ = {isa = PBXBuildFile; fileRef = 1672816D17E5454B0072173D /* MagicalRecord+Setup.m */; };
		1672818C17E5454B0072173D /* MagicalRecord+ShorthandSupport.m in Sources */ = {isa = PBXBuildFile; fileRef = 1672816F17E5454B0072173D /* MagicalRecord+ShorthandSupport.m */; };
		1672818D17E5454B0072173D /* MagicalRecord.m in Sources */ = {isa = PBXBuildFile; fileRef = 1672817117E5454B0072173D /* MagicalRecord.m */; };
		16880ABE216A47E200C3C52A /* UIImage+WebP.m in Sources */ = {isa = PBXBuildFile; fileRef = 16880A81216A47E100C3C52A /* UIImage+WebP.m */; };
		16880ABF216A47E200C3C52A /* MKAnnotationView+WebCache.m in Sources */ = {isa = PBXBuildFile; fileRef = 16880A82216A47E100C3C52A /* MKAnnotationView+WebCache.m */; };
		16880AC0216A47E200C3C52A /* SDWebImageManager.m in Sources */ = {isa = PBXBuildFile; fileRef = 16880A89216A47E100C3C52A /* SDWebImageManager.m */; };
		16880AC1216A47E200C3C52A /* UIImageView+HighlightedWebCache.m in Sources */ = {isa = PBXBuildFile; fileRef = 16880A8B216A47E100C3C52A /* UIImageView+HighlightedWebCache.m */; };
		16880AC2216A47E200C3C52A /* SDWebImageFrame.m in Sources */ = {isa = PBXBuildFile; fileRef = 16880A8C216A47E100C3C52A /* SDWebImageFrame.m */; };
		16880AC3216A47E200C3C52A /* UIImage+ForceDecode.m in Sources */ = {isa = PBXBuildFile; fileRef = 16880A8E216A47E100C3C52A /* UIImage+ForceDecode.m */; };
		16880AC4216A47E200C3C52A /* SDWebImageCodersManager.m in Sources */ = {isa = PBXBuildFile; fileRef = 16880A90216A47E100C3C52A /* SDWebImageCodersManager.m */; };
		16880AC5216A47E200C3C52A /* FLAnimatedImageView+WebCache.m in Sources */ = {isa = PBXBuildFile; fileRef = 16880A92216A47E100C3C52A /* FLAnimatedImageView+WebCache.m */; };
		16880AC6216A47E200C3C52A /* SDWebImageDownloader.m in Sources */ = {isa = PBXBuildFile; fileRef = 16880A94216A47E100C3C52A /* SDWebImageDownloader.m */; };
		16880AC7216A47E200C3C52A /* UIImage+GIF.m in Sources */ = {isa = PBXBuildFile; fileRef = 16880A97216A47E100C3C52A /* UIImage+GIF.m */; };
		16880AC8216A47E200C3C52A /* UIImage+MultiFormat.m in Sources */ = {isa = PBXBuildFile; fileRef = 16880A99216A47E100C3C52A /* UIImage+MultiFormat.m */; };
		16880AC9216A47E200C3C52A /* SDWebImageCoderHelper.m in Sources */ = {isa = PBXBuildFile; fileRef = 16880A9A216A47E100C3C52A /* SDWebImageCoderHelper.m */; };
		16880ACA216A47E200C3C52A /* SDWebImageCompat.m in Sources */ = {isa = PBXBuildFile; fileRef = 16880A9B216A47E100C3C52A /* SDWebImageCompat.m */; };
		16880ACB216A47E200C3C52A /* SDWebImagePrefetcher.m in Sources */ = {isa = PBXBuildFile; fileRef = 16880A9D216A47E100C3C52A /* SDWebImagePrefetcher.m */; };
		16880ACC216A47E200C3C52A /* SDWebImageCoder.m in Sources */ = {isa = PBXBuildFile; fileRef = 16880AA0216A47E100C3C52A /* SDWebImageCoder.m */; };
		16880ACD216A47E200C3C52A /* NSButton+WebCache.m in Sources */ = {isa = PBXBuildFile; fileRef = 16880AA1216A47E100C3C52A /* NSButton+WebCache.m */; };
		16880ACE216A47E200C3C52A /* SDAnimatedImageRep.m in Sources */ = {isa = PBXBuildFile; fileRef = 16880AA4216A47E100C3C52A /* SDAnimatedImageRep.m */; };
		16880ACF216A47E200C3C52A /* SDImageCache.m in Sources */ = {isa = PBXBuildFile; fileRef = 16880AA5216A47E100C3C52A /* SDImageCache.m */; };
		16880AD0216A47E200C3C52A /* SDWebImageDownloaderOperation.m in Sources */ = {isa = PBXBuildFile; fileRef = 16880AA8216A47E100C3C52A /* SDWebImageDownloaderOperation.m */; };
		16880AD1216A47E200C3C52A /* SDWebImageTransition.m in Sources */ = {isa = PBXBuildFile; fileRef = 16880AA9216A47E200C3C52A /* SDWebImageTransition.m */; };
		16880AD2216A47E200C3C52A /* NSData+ImageContentType.m in Sources */ = {isa = PBXBuildFile; fileRef = 16880AAB216A47E200C3C52A /* NSData+ImageContentType.m */; };
		16880AD3216A47E200C3C52A /* UIImageView+WebCache.m in Sources */ = {isa = PBXBuildFile; fileRef = 16880AAC216A47E200C3C52A /* UIImageView+WebCache.m */; };
		16880AD4216A47E200C3C52A /* NSImage+WebCache.m in Sources */ = {isa = PBXBuildFile; fileRef = 16880AAE216A47E200C3C52A /* NSImage+WebCache.m */; };
		16880AD5216A47E200C3C52A /* SDWebImageGIFCoder.m in Sources */ = {isa = PBXBuildFile; fileRef = 16880AAF216A47E200C3C52A /* SDWebImageGIFCoder.m */; };
		16880AD6216A47E200C3C52A /* SDImageCacheConfig.m in Sources */ = {isa = PBXBuildFile; fileRef = 16880AB1216A47E200C3C52A /* SDImageCacheConfig.m */; };
		16880AD7216A47E200C3C52A /* UIView+WebCacheOperation.m in Sources */ = {isa = PBXBuildFile; fileRef = 16880AB4216A47E200C3C52A /* UIView+WebCacheOperation.m */; };
		16880AD8216A47E200C3C52A /* UIView+WebCache.m in Sources */ = {isa = PBXBuildFile; fileRef = 16880AB5216A47E200C3C52A /* UIView+WebCache.m */; };
		16880AD9216A47E200C3C52A /* SDWebImageImageIOCoder.m in Sources */ = {isa = PBXBuildFile; fileRef = 16880AB7216A47E200C3C52A /* SDWebImageImageIOCoder.m */; };
		16880ADA216A47E200C3C52A /* UIButton+WebCache.m in Sources */ = {isa = PBXBuildFile; fileRef = 16880ABB216A47E200C3C52A /* UIButton+WebCache.m */; };
		16880ADB216A47E200C3C52A /* SDWebImageWebPCoder.m in Sources */ = {isa = PBXBuildFile; fileRef = 16880ABC216A47E200C3C52A /* SDWebImageWebPCoder.m */; };
		16880AF8216A50B000C3C52A /* Action+CoreDataClass.m in Sources */ = {isa = PBXBuildFile; fileRef = 16880AF6216A50B000C3C52A /* Action+CoreDataClass.m */; };
		16880AF9216A50B000C3C52A /* Action+CoreDataProperties.m in Sources */ = {isa = PBXBuildFile; fileRef = 16880AF7216A50B000C3C52A /* Action+CoreDataProperties.m */; };
		16880AFE216A51B300C3C52A /* Hisotry+CoreDataClass.m in Sources */ = {isa = PBXBuildFile; fileRef = 16880AFC216A51B300C3C52A /* Hisotry+CoreDataClass.m */; };
		16880AFF216A51B300C3C52A /* Hisotry+CoreDataProperties.m in Sources */ = {isa = PBXBuildFile; fileRef = 16880AFD216A51B300C3C52A /* Hisotry+CoreDataProperties.m */; };
		168FFD851E8FD35D003DB6D9 /* LaunchScreen.storyboard in Resources */ = {isa = PBXBuildFile; fileRef = 168FFD831E8FD35D003DB6D9 /* LaunchScreen.storyboard */; };
		169DEB5A17E5BD24000F8C7D /* CustomActivity.m in Sources */ = {isa = PBXBuildFile; fileRef = 169DEB5917E5BD24000F8C7D /* CustomActivity.m */; };
		169DEB7A17E6905F000F8C7D /* HistoryManager.m in Sources */ = {isa = PBXBuildFile; fileRef = 169DEB7917E6905F000F8C7D /* HistoryManager.m */; };
		169DEB8017E699A6000F8C7D /* HistoryViewController.m in Sources */ = {isa = PBXBuildFile; fileRef = 169DEB7F17E699A6000F8C7D /* HistoryViewController.m */; };
		169DEB8817E6C0E0000F8C7D /* EditViewController.m in Sources */ = {isa = PBXBuildFile; fileRef = 169DEB8717E6C0E0000F8C7D /* EditViewController.m */; };
		169DEB9717E719E6000F8C7D /* ActionManager.m in Sources */ = {isa = PBXBuildFile; fileRef = 169DEB9617E719E6000F8C7D /* ActionManager.m */; };
		16A840F1180013AE00B946D3 /* AppStoreViewController.m in Sources */ = {isa = PBXBuildFile; fileRef = 16A840F0180013AE00B946D3 /* AppStoreViewController.m */; };
		16AB5FB417FE1FB900B7D45A /* SearchEngineViewController.m in Sources */ = {isa = PBXBuildFile; fileRef = 16AB5FB317FE1FB900B7D45A /* SearchEngineViewController.m */; };
		16AB5FB917FF8D6600B7D45A /* Localizable.strings in Resources */ = {isa = PBXBuildFile; fileRef = 16AB5FBB17FF8D6600B7D45A /* Localizable.strings */; };
		16D0B3B518914AD500880C2B /* NSString+Quicka2.m in Sources */ = {isa = PBXBuildFile; fileRef = 16D0B3B418914AD500880C2B /* NSString+Quicka2.m */; };
		16EE5E5A1EC7C88500F2188C /* BrowserViewController.m in Sources */ = {isa = PBXBuildFile; fileRef = 16EE5E591EC7C88500F2188C /* BrowserViewController.m */; };
		16EEDF571E751AAB001DE9E5 /* InfoPlist.strings in Resources */ = {isa = PBXBuildFile; fileRef = 16EEDF591E751AAB001DE9E5 /* InfoPlist.strings */; };
		16F947DE17F82C10003923C5 /* CustomTableViewCell.m in Sources */ = {isa = PBXBuildFile; fileRef = 16F947DD17F82C10003923C5 /* CustomTableViewCell.m */; };
		16F947E117F82F64003923C5 /* QuickaUtil.m in Sources */ = {isa = PBXBuildFile; fileRef = 16F947E017F82F64003923C5 /* QuickaUtil.m */; };
		16F947E717F84DE1003923C5 /* MyReferenceLibraryViewController.m in Sources */ = {isa = PBXBuildFile; fileRef = 16F947E617F84DE1003923C5 /* MyReferenceLibraryViewController.m */; };
		16F947EA17F85CDD003923C5 /* SuggestView.m in Sources */ = {isa = PBXBuildFile; fileRef = 16F947E917F85CDD003923C5 /* SuggestView.m */; };
		16F947ED17FC66C9003923C5 /* SettingsViewController.m in Sources */ = {isa = PBXBuildFile; fileRef = 16F947EC17FC66C9003923C5 /* SettingsViewController.m */; };
/* End PBXBuildFile section */

/* Begin PBXContainerItemProxy section */
		160BEDDF17E471C100EC97FC /* PBXContainerItemProxy */ = {
			isa = PBXContainerItemProxy;
			containerPortal = 160BEDA817E471C000EC97FC /* Project object */;
			proxyType = 1;
			remoteGlobalIDString = 160BEDAF17E471C000EC97FC;
			remoteInfo = Quicka;
		};
/* End PBXContainerItemProxy section */

/* Begin PBXFileReference section */
		160033B2180756E300FB30D8 /* setup.json */ = {isa = PBXFileReference; fileEncoding = 4; lastKnownFileType = text.json; path = setup.json; sourceTree = "<group>"; };
		160BEDB017E471C000EC97FC /* Quicka.app */ = {isa = PBXFileReference; explicitFileType = wrapper.application; includeInIndex = 0; path = Quicka.app; sourceTree = BUILT_PRODUCTS_DIR; };
		160BEDB317E471C000EC97FC /* Foundation.framework */ = {isa = PBXFileReference; lastKnownFileType = wrapper.framework; name = Foundation.framework; path = System/Library/Frameworks/Foundation.framework; sourceTree = SDKROOT; };
		160BEDB517E471C000EC97FC /* CoreGraphics.framework */ = {isa = PBXFileReference; lastKnownFileType = wrapper.framework; name = CoreGraphics.framework; path = System/Library/Frameworks/CoreGraphics.framework; sourceTree = SDKROOT; };
		160BEDB717E471C000EC97FC /* UIKit.framework */ = {isa = PBXFileReference; lastKnownFileType = wrapper.framework; name = UIKit.framework; path = System/Library/Frameworks/UIKit.framework; sourceTree = SDKROOT; };
		160BEDB917E471C000EC97FC /* CoreData.framework */ = {isa = PBXFileReference; lastKnownFileType = wrapper.framework; name = CoreData.framework; path = System/Library/Frameworks/CoreData.framework; sourceTree = SDKROOT; };
		160BEDBD17E471C000EC97FC /* Quicka-Info.plist */ = {isa = PBXFileReference; lastKnownFileType = text.plist.xml; path = "Quicka-Info.plist"; sourceTree = "<group>"; };
		160BEDC117E471C000EC97FC /* main.m */ = {isa = PBXFileReference; lastKnownFileType = sourcecode.c.objc; path = main.m; sourceTree = "<group>"; };
		160BEDC317E471C000EC97FC /* Quicka-Prefix.pch */ = {isa = PBXFileReference; lastKnownFileType = sourcecode.c.h; path = "Quicka-Prefix.pch"; sourceTree = "<group>"; };
		160BEDC417E471C000EC97FC /* AppDelegate.h */ = {isa = PBXFileReference; lastKnownFileType = sourcecode.c.h; path = AppDelegate.h; sourceTree = "<group>"; };
		160BEDC517E471C000EC97FC /* AppDelegate.m */ = {isa = PBXFileReference; lastKnownFileType = sourcecode.c.objc; path = AppDelegate.m; sourceTree = "<group>"; };
		160BEDC817E471C000EC97FC /* Base */ = {isa = PBXFileReference; lastKnownFileType = file.storyboard; name = Base; path = Base.lproj/Settings.storyboard; sourceTree = "<group>"; };
		160BEDCB17E471C000EC97FC /* Quicka.xcdatamodel */ = {isa = PBXFileReference; lastKnownFileType = wrapper.xcdatamodel; path = Quicka.xcdatamodel; sourceTree = "<group>"; };
		160BEDD917E471C100EC97FC /* QuickaTests.xctest */ = {isa = PBXFileReference; explicitFileType = wrapper.cfbundle; includeInIndex = 0; path = QuickaTests.xctest; sourceTree = BUILT_PRODUCTS_DIR; };
		160BEDDA17E471C100EC97FC /* XCTest.framework */ = {isa = PBXFileReference; lastKnownFileType = wrapper.framework; name = XCTest.framework; path = Library/Frameworks/XCTest.framework; sourceTree = DEVELOPER_DIR; };
		160BEDE317E471C100EC97FC /* QuickaTests-Info.plist */ = {isa = PBXFileReference; lastKnownFileType = text.plist.xml; path = "QuickaTests-Info.plist"; sourceTree = "<group>"; };
		160BEDE717E471C100EC97FC /* QuickaTests.m */ = {isa = PBXFileReference; lastKnownFileType = sourcecode.c.objc; path = QuickaTests.m; sourceTree = "<group>"; };
		160BEDF117E4745400EC97FC /* ContainerViewController.h */ = {isa = PBXFileReference; fileEncoding = 4; lastKnownFileType = sourcecode.c.h; name = ContainerViewController.h; path = ViewController/ContainerViewController.h; sourceTree = "<group>"; };
		160BEDF217E4745400EC97FC /* ContainerViewController.m */ = {isa = PBXFileReference; fileEncoding = 4; lastKnownFileType = sourcecode.c.objc; name = ContainerViewController.m; path = ViewController/ContainerViewController.m; sourceTree = "<group>"; };
		160BEDF417E474E300EC97FC /* QuartzCore.framework */ = {isa = PBXFileReference; lastKnownFileType = wrapper.framework; name = QuartzCore.framework; path = System/Library/Frameworks/QuartzCore.framework; sourceTree = SDKROOT; };
		160BEDF617E47C6700EC97FC /* MainViewController.h */ = {isa = PBXFileReference; fileEncoding = 4; lastKnownFileType = sourcecode.c.h; name = MainViewController.h; path = ViewController/MainViewController.h; sourceTree = "<group>"; };
		160BEDF717E47C6700EC97FC /* MainViewController.m */ = {isa = PBXFileReference; fileEncoding = 4; lastKnownFileType = sourcecode.c.objc; name = MainViewController.m; path = ViewController/MainViewController.m; sourceTree = "<group>"; };
		160BEE4717E49B3900EC97FC /* SubViewController.h */ = {isa = PBXFileReference; fileEncoding = 4; lastKnownFileType = sourcecode.c.h; name = SubViewController.h; path = ViewController/SubViewController.h; sourceTree = "<group>"; };
		160BEE4817E49B3900EC97FC /* SubViewController.m */ = {isa = PBXFileReference; fileEncoding = 4; lastKnownFileType = sourcecode.c.objc; name = SubViewController.m; path = ViewController/SubViewController.m; sourceTree = "<group>"; };
		160E55EE182133F8008937C7 /* Images.xcassets */ = {isa = PBXFileReference; lastKnownFileType = folder.assetcatalog; path = Images.xcassets; sourceTree = "<group>"; };
		160E55F01821BB51008937C7 /* CustomEngineViewController.h */ = {isa = PBXFileReference; fileEncoding = 4; lastKnownFileType = sourcecode.c.h; name = CustomEngineViewController.h; path = ViewController/CustomEngineViewController.h; sourceTree = "<group>"; };
		160E55F11821BB51008937C7 /* CustomEngineViewController.m */ = {isa = PBXFileReference; fileEncoding = 4; lastKnownFileType = sourcecode.c.objc; name = CustomEngineViewController.m; path = ViewController/CustomEngineViewController.m; sourceTree = "<group>"; };
		1618E8FD18270C7300159F92 /* CreateIconViewController.h */ = {isa = PBXFileReference; fileEncoding = 4; lastKnownFileType = sourcecode.c.h; name = CreateIconViewController.h; path = ViewController/CreateIconViewController.h; sourceTree = "<group>"; };
		1618E8FE18270C7300159F92 /* CreateIconViewController.m */ = {isa = PBXFileReference; fileEncoding = 4; lastKnownFileType = sourcecode.c.objc; name = CreateIconViewController.m; path = ViewController/CreateIconViewController.m; sourceTree = "<group>"; };
		1618E90018271AA500159F92 /* CollectionViewColorCell.xib */ = {isa = PBXFileReference; fileEncoding = 4; lastKnownFileType = file.xib; path = CollectionViewColorCell.xib; sourceTree = "<group>"; };
		1618E90218271AB700159F92 /* CollectionViewIconCell.xib */ = {isa = PBXFileReference; fileEncoding = 4; lastKnownFileType = file.xib; path = CollectionViewIconCell.xib; sourceTree = "<group>"; };
		1618E9041827214E00159F92 /* CustomCollectionViewCell.h */ = {isa = PBXFileReference; fileEncoding = 4; lastKnownFileType = sourcecode.c.h; path = CustomCollectionViewCell.h; sourceTree = "<group>"; };
		1618E9051827214E00159F92 /* CustomCollectionViewCell.m */ = {isa = PBXFileReference; fileEncoding = 4; lastKnownFileType = sourcecode.c.objc; path = CustomCollectionViewCell.m; sourceTree = "<group>"; };
		1618E9071827228800159F92 /* MyCollectionViewCell.xib */ = {isa = PBXFileReference; fileEncoding = 4; lastKnownFileType = file.xib; path = MyCollectionViewCell.xib; sourceTree = "<group>"; };
		163D1C4E1800E3A8009894A5 /* SelectImageViewController.h */ = {isa = PBXFileReference; fileEncoding = 4; lastKnownFileType = sourcecode.c.h; name = SelectImageViewController.h; path = ViewController/SelectImageViewController.h; sourceTree = "<group>"; };
		163D1C4F1800E3A8009894A5 /* SelectImageViewController.m */ = {isa = PBXFileReference; fileEncoding = 4; lastKnownFileType = sourcecode.c.objc; name = SelectImageViewController.m; path = ViewController/SelectImageViewController.m; sourceTree = "<group>"; };
		1647B4211EBC4C610038E066 /* SafariServices.framework */ = {isa = PBXFileReference; lastKnownFileType = wrapper.framework; name = SafariServices.framework; path = System/Library/Frameworks/SafariServices.framework; sourceTree = SDKROOT; };
		164E80AB181FE894007922D6 /* Security.framework */ = {isa = PBXFileReference; lastKnownFileType = wrapper.framework; name = Security.framework; path = System/Library/Frameworks/Security.framework; sourceTree = SDKROOT; };
		165146AD216A472F00813B82 /* FLAnimatedImage.m */ = {isa = PBXFileReference; fileEncoding = 4; lastKnownFileType = sourcecode.c.objc; path = FLAnimatedImage.m; sourceTree = "<group>"; };
		165146AE216A472F00813B82 /* FLAnimatedImageView.m */ = {isa = PBXFileReference; fileEncoding = 4; lastKnownFileType = sourcecode.c.objc; path = FLAnimatedImageView.m; sourceTree = "<group>"; };
		165146AF216A472F00813B82 /* FLAnimatedImage.h */ = {isa = PBXFileReference; fileEncoding = 4; lastKnownFileType = sourcecode.c.h; path = FLAnimatedImage.h; sourceTree = "<group>"; };
		165146B0216A472F00813B82 /* FLAnimatedImageView.h */ = {isa = PBXFileReference; fileEncoding = 4; lastKnownFileType = sourcecode.c.h; path = FLAnimatedImageView.h; sourceTree = "<group>"; };
		166BE334181EF5740002A080 /* DefaultCell.xib */ = {isa = PBXFileReference; fileEncoding = 4; lastKnownFileType = file.xib; path = DefaultCell.xib; sourceTree = "<group>"; };
		166BE336181EF5A00002A080 /* TitleCell.xib */ = {isa = PBXFileReference; fileEncoding = 4; lastKnownFileType = file.xib; path = TitleCell.xib; sourceTree = "<group>"; };
		166BE338181EF5AF0002A080 /* URLCell.xib */ = {isa = PBXFileReference; fileEncoding = 4; lastKnownFileType = file.xib; path = URLCell.xib; sourceTree = "<group>"; };
		166BE33A181EF73B0002A080 /* DefaultIconCell.xib */ = {isa = PBXFileReference; fileEncoding = 4; lastKnownFileType = file.xib; path = DefaultIconCell.xib; sourceTree = "<group>"; };
		166BE33C181EFAAD0002A080 /* DefaultSubtitleIconCell.xib */ = {isa = PBXFileReference; fileEncoding = 4; lastKnownFileType = file.xib; path = DefaultSubtitleIconCell.xib; sourceTree = "<group>"; };
		166BE340181EFD4A0002A080 /* DefaultCenterCell.xib */ = {isa = PBXFileReference; fileEncoding = 4; lastKnownFileType = file.xib; path = DefaultCenterCell.xib; sourceTree = "<group>"; };
		1672813B17E5454B0072173D /* MagicalImportFunctions.h */ = {isa = PBXFileReference; fileEncoding = 4; lastKnownFileType = sourcecode.c.h; path = MagicalImportFunctions.h; sourceTree = "<group>"; };
		1672813C17E5454B0072173D /* MagicalImportFunctions.m */ = {isa = PBXFileReference; fileEncoding = 4; lastKnownFileType = sourcecode.c.objc; path = MagicalImportFunctions.m; sourceTree = "<group>"; };
		1672813D17E5454B0072173D /* NSAttributeDescription+MagicalDataImport.h */ = {isa = PBXFileReference; fileEncoding = 4; lastKnownFileType = sourcecode.c.h; path = "NSAttributeDescription+MagicalDataImport.h"; sourceTree = "<group>"; };
		1672813E17E5454B0072173D /* NSAttributeDescription+MagicalDataImport.m */ = {isa = PBXFileReference; fileEncoding = 4; lastKnownFileType = sourcecode.c.objc; path = "NSAttributeDescription+MagicalDataImport.m"; sourceTree = "<group>"; };
		1672813F17E5454B0072173D /* NSEntityDescription+MagicalDataImport.h */ = {isa = PBXFileReference; fileEncoding = 4; lastKnownFileType = sourcecode.c.h; path = "NSEntityDescription+MagicalDataImport.h"; sourceTree = "<group>"; };
		1672814017E5454B0072173D /* NSEntityDescription+MagicalDataImport.m */ = {isa = PBXFileReference; fileEncoding = 4; lastKnownFileType = sourcecode.c.objc; path = "NSEntityDescription+MagicalDataImport.m"; sourceTree = "<group>"; };
		1672814117E5454B0072173D /* NSNumber+MagicalDataImport.h */ = {isa = PBXFileReference; fileEncoding = 4; lastKnownFileType = sourcecode.c.h; path = "NSNumber+MagicalDataImport.h"; sourceTree = "<group>"; };
		1672814217E5454B0072173D /* NSNumber+MagicalDataImport.m */ = {isa = PBXFileReference; fileEncoding = 4; lastKnownFileType = sourcecode.c.objc; path = "NSNumber+MagicalDataImport.m"; sourceTree = "<group>"; };
		1672814317E5454B0072173D /* NSObject+MagicalDataImport.h */ = {isa = PBXFileReference; fileEncoding = 4; lastKnownFileType = sourcecode.c.h; path = "NSObject+MagicalDataImport.h"; sourceTree = "<group>"; };
		1672814417E5454B0072173D /* NSObject+MagicalDataImport.m */ = {isa = PBXFileReference; fileEncoding = 4; lastKnownFileType = sourcecode.c.objc; path = "NSObject+MagicalDataImport.m"; sourceTree = "<group>"; };
		1672814517E5454B0072173D /* NSRelationshipDescription+MagicalDataImport.h */ = {isa = PBXFileReference; fileEncoding = 4; lastKnownFileType = sourcecode.c.h; path = "NSRelationshipDescription+MagicalDataImport.h"; sourceTree = "<group>"; };
		1672814617E5454B0072173D /* NSRelationshipDescription+MagicalDataImport.m */ = {isa = PBXFileReference; fileEncoding = 4; lastKnownFileType = sourcecode.c.objc; path = "NSRelationshipDescription+MagicalDataImport.m"; sourceTree = "<group>"; };
		1672814717E5454B0072173D /* NSString+MagicalDataImport.h */ = {isa = PBXFileReference; fileEncoding = 4; lastKnownFileType = sourcecode.c.h; path = "NSString+MagicalDataImport.h"; sourceTree = "<group>"; };
		1672814817E5454B0072173D /* NSString+MagicalDataImport.m */ = {isa = PBXFileReference; fileEncoding = 4; lastKnownFileType = sourcecode.c.objc; path = "NSString+MagicalDataImport.m"; sourceTree = "<group>"; };
		1672814A17E5454B0072173D /* NSManagedObject+MagicalAggregation.h */ = {isa = PBXFileReference; fileEncoding = 4; lastKnownFileType = sourcecode.c.h; path = "NSManagedObject+MagicalAggregation.h"; sourceTree = "<group>"; };
		1672814B17E5454B0072173D /* NSManagedObject+MagicalAggregation.m */ = {isa = PBXFileReference; fileEncoding = 4; lastKnownFileType = sourcecode.c.objc; path = "NSManagedObject+MagicalAggregation.m"; sourceTree = "<group>"; };
		1672814C17E5454B0072173D /* NSManagedObject+MagicalDataImport.h */ = {isa = PBXFileReference; fileEncoding = 4; lastKnownFileType = sourcecode.c.h; path = "NSManagedObject+MagicalDataImport.h"; sourceTree = "<group>"; };
		1672814D17E5454B0072173D /* NSManagedObject+MagicalDataImport.m */ = {isa = PBXFileReference; fileEncoding = 4; lastKnownFileType = sourcecode.c.objc; path = "NSManagedObject+MagicalDataImport.m"; sourceTree = "<group>"; };
		1672814E17E5454B0072173D /* NSManagedObject+MagicalFinders.h */ = {isa = PBXFileReference; fileEncoding = 4; lastKnownFileType = sourcecode.c.h; path = "NSManagedObject+MagicalFinders.h"; sourceTree = "<group>"; };
		1672814F17E5454B0072173D /* NSManagedObject+MagicalFinders.m */ = {isa = PBXFileReference; fileEncoding = 4; lastKnownFileType = sourcecode.c.objc; path = "NSManagedObject+MagicalFinders.m"; sourceTree = "<group>"; };
		1672815017E5454B0072173D /* NSManagedObject+MagicalRecord.h */ = {isa = PBXFileReference; fileEncoding = 4; lastKnownFileType = sourcecode.c.h; path = "NSManagedObject+MagicalRecord.h"; sourceTree = "<group>"; };
		1672815117E5454B0072173D /* NSManagedObject+MagicalRecord.m */ = {isa = PBXFileReference; fileEncoding = 4; lastKnownFileType = sourcecode.c.objc; path = "NSManagedObject+MagicalRecord.m"; sourceTree = "<group>"; };
		1672815217E5454B0072173D /* NSManagedObject+MagicalRequests.h */ = {isa = PBXFileReference; fileEncoding = 4; lastKnownFileType = sourcecode.c.h; path = "NSManagedObject+MagicalRequests.h"; sourceTree = "<group>"; };
		1672815317E5454B0072173D /* NSManagedObject+MagicalRequests.m */ = {isa = PBXFileReference; fileEncoding = 4; lastKnownFileType = sourcecode.c.objc; path = "NSManagedObject+MagicalRequests.m"; sourceTree = "<group>"; };
		1672815517E5454B0072173D /* NSManagedObjectContext+MagicalObserving.h */ = {isa = PBXFileReference; fileEncoding = 4; lastKnownFileType = sourcecode.c.h; path = "NSManagedObjectContext+MagicalObserving.h"; sourceTree = "<group>"; };
		1672815617E5454B0072173D /* NSManagedObjectContext+MagicalObserving.m */ = {isa = PBXFileReference; fileEncoding = 4; lastKnownFileType = sourcecode.c.objc; path = "NSManagedObjectContext+MagicalObserving.m"; sourceTree = "<group>"; };
		1672815717E5454B0072173D /* NSManagedObjectContext+MagicalRecord.h */ = {isa = PBXFileReference; fileEncoding = 4; lastKnownFileType = sourcecode.c.h; path = "NSManagedObjectContext+MagicalRecord.h"; sourceTree = "<group>"; };
		1672815817E5454B0072173D /* NSManagedObjectContext+MagicalRecord.m */ = {isa = PBXFileReference; fileEncoding = 4; lastKnownFileType = sourcecode.c.objc; path = "NSManagedObjectContext+MagicalRecord.m"; sourceTree = "<group>"; };
		1672815917E5454B0072173D /* NSManagedObjectContext+MagicalSaves.h */ = {isa = PBXFileReference; fileEncoding = 4; lastKnownFileType = sourcecode.c.h; path = "NSManagedObjectContext+MagicalSaves.h"; sourceTree = "<group>"; };
		1672815A17E5454B0072173D /* NSManagedObjectContext+MagicalSaves.m */ = {isa = PBXFileReference; fileEncoding = 4; lastKnownFileType = sourcecode.c.objc; path = "NSManagedObjectContext+MagicalSaves.m"; sourceTree = "<group>"; };
		1672815B17E5454B0072173D /* NSManagedObjectContext+MagicalThreading.h */ = {isa = PBXFileReference; fileEncoding = 4; lastKnownFileType = sourcecode.c.h; path = "NSManagedObjectContext+MagicalThreading.h"; sourceTree = "<group>"; };
		1672815C17E5454B0072173D /* NSManagedObjectContext+MagicalThreading.m */ = {isa = PBXFileReference; fileEncoding = 4; lastKnownFileType = sourcecode.c.objc; path = "NSManagedObjectContext+MagicalThreading.m"; sourceTree = "<group>"; };
		1672815D17E5454B0072173D /* NSManagedObjectModel+MagicalRecord.h */ = {isa = PBXFileReference; fileEncoding = 4; lastKnownFileType = sourcecode.c.h; path = "NSManagedObjectModel+MagicalRecord.h"; sourceTree = "<group>"; };
		1672815E17E5454B0072173D /* NSManagedObjectModel+MagicalRecord.m */ = {isa = PBXFileReference; fileEncoding = 4; lastKnownFileType = sourcecode.c.objc; path = "NSManagedObjectModel+MagicalRecord.m"; sourceTree = "<group>"; };
		1672815F17E5454B0072173D /* NSPersistentStore+MagicalRecord.h */ = {isa = PBXFileReference; fileEncoding = 4; lastKnownFileType = sourcecode.c.h; path = "NSPersistentStore+MagicalRecord.h"; sourceTree = "<group>"; };
		1672816017E5454B0072173D /* NSPersistentStore+MagicalRecord.m */ = {isa = PBXFileReference; fileEncoding = 4; lastKnownFileType = sourcecode.c.objc; path = "NSPersistentStore+MagicalRecord.m"; sourceTree = "<group>"; };
		1672816117E5454B0072173D /* NSPersistentStoreCoordinator+MagicalRecord.h */ = {isa = PBXFileReference; fileEncoding = 4; lastKnownFileType = sourcecode.c.h; path = "NSPersistentStoreCoordinator+MagicalRecord.h"; sourceTree = "<group>"; };
		1672816217E5454B0072173D /* NSPersistentStoreCoordinator+MagicalRecord.m */ = {isa = PBXFileReference; fileEncoding = 4; lastKnownFileType = sourcecode.c.objc; path = "NSPersistentStoreCoordinator+MagicalRecord.m"; sourceTree = "<group>"; };
		1672816417E5454B0072173D /* MagicalRecord+Actions.h */ = {isa = PBXFileReference; fileEncoding = 4; lastKnownFileType = sourcecode.c.h; path = "MagicalRecord+Actions.h"; sourceTree = "<group>"; };
		1672816517E5454B0072173D /* MagicalRecord+Actions.m */ = {isa = PBXFileReference; fileEncoding = 4; lastKnownFileType = sourcecode.c.objc; path = "MagicalRecord+Actions.m"; sourceTree = "<group>"; };
		1672816617E5454B0072173D /* MagicalRecord+ErrorHandling.h */ = {isa = PBXFileReference; fileEncoding = 4; lastKnownFileType = sourcecode.c.h; path = "MagicalRecord+ErrorHandling.h"; sourceTree = "<group>"; };
		1672816717E5454B0072173D /* MagicalRecord+ErrorHandling.m */ = {isa = PBXFileReference; fileEncoding = 4; lastKnownFileType = sourcecode.c.objc; path = "MagicalRecord+ErrorHandling.m"; sourceTree = "<group>"; };
		1672816817E5454B0072173D /* MagicalRecord+iCloud.h */ = {isa = PBXFileReference; fileEncoding = 4; lastKnownFileType = sourcecode.c.h; path = "MagicalRecord+iCloud.h"; sourceTree = "<group>"; };
		1672816917E5454B0072173D /* MagicalRecord+iCloud.m */ = {isa = PBXFileReference; fileEncoding = 4; lastKnownFileType = sourcecode.c.objc; path = "MagicalRecord+iCloud.m"; sourceTree = "<group>"; };
		1672816A17E5454B0072173D /* MagicalRecord+Options.h */ = {isa = PBXFileReference; fileEncoding = 4; lastKnownFileType = sourcecode.c.h; path = "MagicalRecord+Options.h"; sourceTree = "<group>"; };
		1672816B17E5454B0072173D /* MagicalRecord+Options.m */ = {isa = PBXFileReference; fileEncoding = 4; lastKnownFileType = sourcecode.c.objc; path = "MagicalRecord+Options.m"; sourceTree = "<group>"; };
		1672816C17E5454B0072173D /* MagicalRecord+Setup.h */ = {isa = PBXFileReference; fileEncoding = 4; lastKnownFileType = sourcecode.c.h; path = "MagicalRecord+Setup.h"; sourceTree = "<group>"; };
		1672816D17E5454B0072173D /* MagicalRecord+Setup.m */ = {isa = PBXFileReference; fileEncoding = 4; lastKnownFileType = sourcecode.c.objc; path = "MagicalRecord+Setup.m"; sourceTree = "<group>"; };
		1672816E17E5454B0072173D /* MagicalRecord+ShorthandSupport.h */ = {isa = PBXFileReference; fileEncoding = 4; lastKnownFileType = sourcecode.c.h; path = "MagicalRecord+ShorthandSupport.h"; sourceTree = "<group>"; };
		1672816F17E5454B0072173D /* MagicalRecord+ShorthandSupport.m */ = {isa = PBXFileReference; fileEncoding = 4; lastKnownFileType = sourcecode.c.objc; path = "MagicalRecord+ShorthandSupport.m"; sourceTree = "<group>"; };
		1672817017E5454B0072173D /* MagicalRecord.h */ = {isa = PBXFileReference; fileEncoding = 4; lastKnownFileType = sourcecode.c.h; path = MagicalRecord.h; sourceTree = "<group>"; };
		1672817117E5454B0072173D /* MagicalRecord.m */ = {isa = PBXFileReference; fileEncoding = 4; lastKnownFileType = sourcecode.c.objc; path = MagicalRecord.m; sourceTree = "<group>"; };
		1672817217E5454B0072173D /* MagicalRecordShorthand.h */ = {isa = PBXFileReference; fileEncoding = 4; lastKnownFileType = sourcecode.c.h; path = MagicalRecordShorthand.h; sourceTree = "<group>"; };
		1672817317E5454B0072173D /* CoreData+MagicalRecord.h */ = {isa = PBXFileReference; fileEncoding = 4; lastKnownFileType = sourcecode.c.h; path = "CoreData+MagicalRecord.h"; sourceTree = "<group>"; };
		16880A80216A47E100C3C52A /* SDAnimatedImageRep.h */ = {isa = PBXFileReference; fileEncoding = 4; lastKnownFileType = sourcecode.c.h; path = SDAnimatedImageRep.h; sourceTree = "<group>"; };
		16880A81216A47E100C3C52A /* UIImage+WebP.m */ = {isa = PBXFileReference; fileEncoding = 4; lastKnownFileType = sourcecode.c.objc; path = "UIImage+WebP.m"; sourceTree = "<group>"; };
		16880A82216A47E100C3C52A /* MKAnnotationView+WebCache.m */ = {isa = PBXFileReference; fileEncoding = 4; lastKnownFileType = sourcecode.c.objc; path = "MKAnnotationView+WebCache.m"; sourceTree = "<group>"; };
		16880A83216A47E100C3C52A /* NSButton+WebCache.h */ = {isa = PBXFileReference; fileEncoding = 4; lastKnownFileType = sourcecode.c.h; path = "NSButton+WebCache.h"; sourceTree = "<group>"; };
		16880A84216A47E100C3C52A /* SDWebImageCoder.h */ = {isa = PBXFileReference; fileEncoding = 4; lastKnownFileType = sourcecode.c.h; path = SDWebImageCoder.h; sourceTree = "<group>"; };
		16880A85216A47E100C3C52A /* NSImage+WebCache.h */ = {isa = PBXFileReference; fileEncoding = 4; lastKnownFileType = sourcecode.c.h; path = "NSImage+WebCache.h"; sourceTree = "<group>"; };
		16880A86216A47E100C3C52A /* UIImageView+WebCache.h */ = {isa = PBXFileReference; fileEncoding = 4; lastKnownFileType = sourcecode.c.h; path = "UIImageView+WebCache.h"; sourceTree = "<group>"; };
		16880A87216A47E100C3C52A /* NSData+ImageContentType.h */ = {isa = PBXFileReference; fileEncoding = 4; lastKnownFileType = sourcecode.c.h; path = "NSData+ImageContentType.h"; sourceTree = "<group>"; };
		16880A88216A47E100C3C52A /* SDWebImageTransition.h */ = {isa = PBXFileReference; fileEncoding = 4; lastKnownFileType = sourcecode.c.h; path = SDWebImageTransition.h; sourceTree = "<group>"; };
		16880A89216A47E100C3C52A /* SDWebImageManager.m */ = {isa = PBXFileReference; fileEncoding = 4; lastKnownFileType = sourcecode.c.objc; path = SDWebImageManager.m; sourceTree = "<group>"; };
		16880A8A216A47E100C3C52A /* SDWebImageDownloaderOperation.h */ = {isa = PBXFileReference; fileEncoding = 4; lastKnownFileType = sourcecode.c.h; path = SDWebImageDownloaderOperation.h; sourceTree = "<group>"; };
		16880A8B216A47E100C3C52A /* UIImageView+HighlightedWebCache.m */ = {isa = PBXFileReference; fileEncoding = 4; lastKnownFileType = sourcecode.c.objc; path = "UIImageView+HighlightedWebCache.m"; sourceTree = "<group>"; };
		16880A8C216A47E100C3C52A /* SDWebImageFrame.m */ = {isa = PBXFileReference; fileEncoding = 4; lastKnownFileType = sourcecode.c.objc; path = SDWebImageFrame.m; sourceTree = "<group>"; };
		16880A8D216A47E100C3C52A /* SDImageCache.h */ = {isa = PBXFileReference; fileEncoding = 4; lastKnownFileType = sourcecode.c.h; path = SDImageCache.h; sourceTree = "<group>"; };
		16880A8E216A47E100C3C52A /* UIImage+ForceDecode.m */ = {isa = PBXFileReference; fileEncoding = 4; lastKnownFileType = sourcecode.c.objc; path = "UIImage+ForceDecode.m"; sourceTree = "<group>"; };
		16880A8F216A47E100C3C52A /* SDImageCacheConfig.h */ = {isa = PBXFileReference; fileEncoding = 4; lastKnownFileType = sourcecode.c.h; path = SDImageCacheConfig.h; sourceTree = "<group>"; };
		16880A90216A47E100C3C52A /* SDWebImageCodersManager.m */ = {isa = PBXFileReference; fileEncoding = 4; lastKnownFileType = sourcecode.c.objc; path = SDWebImageCodersManager.m; sourceTree = "<group>"; };
		16880A92216A47E100C3C52A /* FLAnimatedImageView+WebCache.m */ = {isa = PBXFileReference; fileEncoding = 4; lastKnownFileType = sourcecode.c.objc; path = "FLAnimatedImageView+WebCache.m"; sourceTree = "<group>"; };
		16880A93216A47E100C3C52A /* FLAnimatedImageView+WebCache.h */ = {isa = PBXFileReference; fileEncoding = 4; lastKnownFileType = sourcecode.c.h; path = "FLAnimatedImageView+WebCache.h"; sourceTree = "<group>"; };
		16880A94216A47E100C3C52A /* SDWebImageDownloader.m */ = {isa = PBXFileReference; fileEncoding = 4; lastKnownFileType = sourcecode.c.objc; path = SDWebImageDownloader.m; sourceTree = "<group>"; };
		16880A95216A47E100C3C52A /* SDWebImageGIFCoder.h */ = {isa = PBXFileReference; fileEncoding = 4; lastKnownFileType = sourcecode.c.h; path = SDWebImageGIFCoder.h; sourceTree = "<group>"; };
		16880A96216A47E100C3C52A /* SDWebImageWebPCoder.h */ = {isa = PBXFileReference; fileEncoding = 4; lastKnownFileType = sourcecode.c.h; path = SDWebImageWebPCoder.h; sourceTree = "<group>"; };
		16880A97216A47E100C3C52A /* UIImage+GIF.m */ = {isa = PBXFileReference; fileEncoding = 4; lastKnownFileType = sourcecode.c.objc; path = "UIImage+GIF.m"; sourceTree = "<group>"; };
		16880A98216A47E100C3C52A /* UIButton+WebCache.h */ = {isa = PBXFileReference; fileEncoding = 4; lastKnownFileType = sourcecode.c.h; path = "UIButton+WebCache.h"; sourceTree = "<group>"; };
		16880A99216A47E100C3C52A /* UIImage+MultiFormat.m */ = {isa = PBXFileReference; fileEncoding = 4; lastKnownFileType = sourcecode.c.objc; path = "UIImage+MultiFormat.m"; sourceTree = "<group>"; };
		16880A9A216A47E100C3C52A /* SDWebImageCoderHelper.m */ = {isa = PBXFileReference; fileEncoding = 4; lastKnownFileType = sourcecode.c.objc; path = SDWebImageCoderHelper.m; sourceTree = "<group>"; };
		16880A9B216A47E100C3C52A /* SDWebImageCompat.m */ = {isa = PBXFileReference; fileEncoding = 4; lastKnownFileType = sourcecode.c.objc; path = SDWebImageCompat.m; sourceTree = "<group>"; };
		16880A9C216A47E100C3C52A /* SDWebImageImageIOCoder.h */ = {isa = PBXFileReference; fileEncoding = 4; lastKnownFileType = sourcecode.c.h; path = SDWebImageImageIOCoder.h; sourceTree = "<group>"; };
		16880A9D216A47E100C3C52A /* SDWebImagePrefetcher.m */ = {isa = PBXFileReference; fileEncoding = 4; lastKnownFileType = sourcecode.c.objc; path = SDWebImagePrefetcher.m; sourceTree = "<group>"; };
		16880A9E216A47E100C3C52A /* UIView+WebCache.h */ = {isa = PBXFileReference; fileEncoding = 4; lastKnownFileType = sourcecode.c.h; path = "UIView+WebCache.h"; sourceTree = "<group>"; };
		16880A9F216A47E100C3C52A /* UIView+WebCacheOperation.h */ = {isa = PBXFileReference; fileEncoding = 4; lastKnownFileType = sourcecode.c.h; path = "UIView+WebCacheOperation.h"; sourceTree = "<group>"; };
		16880AA0216A47E100C3C52A /* SDWebImageCoder.m */ = {isa = PBXFileReference; fileEncoding = 4; lastKnownFileType = sourcecode.c.objc; path = SDWebImageCoder.m; sourceTree = "<group>"; };
		16880AA1216A47E100C3C52A /* NSButton+WebCache.m */ = {isa = PBXFileReference; fileEncoding = 4; lastKnownFileType = sourcecode.c.objc; path = "NSButton+WebCache.m"; sourceTree = "<group>"; };
		16880AA2216A47E100C3C52A /* MKAnnotationView+WebCache.h */ = {isa = PBXFileReference; fileEncoding = 4; lastKnownFileType = sourcecode.c.h; path = "MKAnnotationView+WebCache.h"; sourceTree = "<group>"; };
		16880AA3216A47E100C3C52A /* UIImage+WebP.h */ = {isa = PBXFileReference; fileEncoding = 4; lastKnownFileType = sourcecode.c.h; path = "UIImage+WebP.h"; sourceTree = "<group>"; };
		16880AA4216A47E100C3C52A /* SDAnimatedImageRep.m */ = {isa = PBXFileReference; fileEncoding = 4; lastKnownFileType = sourcecode.c.objc; path = SDAnimatedImageRep.m; sourceTree = "<group>"; };
		16880AA5216A47E100C3C52A /* SDImageCache.m */ = {isa = PBXFileReference; fileEncoding = 4; lastKnownFileType = sourcecode.c.objc; path = SDImageCache.m; sourceTree = "<group>"; };
		16880AA6216A47E100C3C52A /* SDWebImageFrame.h */ = {isa = PBXFileReference; fileEncoding = 4; lastKnownFileType = sourcecode.c.h; path = SDWebImageFrame.h; sourceTree = "<group>"; };
		16880AA7216A47E100C3C52A /* UIImageView+HighlightedWebCache.h */ = {isa = PBXFileReference; fileEncoding = 4; lastKnownFileType = sourcecode.c.h; path = "UIImageView+HighlightedWebCache.h"; sourceTree = "<group>"; };
		16880AA8216A47E100C3C52A /* SDWebImageDownloaderOperation.m */ = {isa = PBXFileReference; fileEncoding = 4; lastKnownFileType = sourcecode.c.objc; path = SDWebImageDownloaderOperation.m; sourceTree = "<group>"; };
		16880AA9216A47E200C3C52A /* SDWebImageTransition.m */ = {isa = PBXFileReference; fileEncoding = 4; lastKnownFileType = sourcecode.c.objc; path = SDWebImageTransition.m; sourceTree = "<group>"; };
		16880AAA216A47E200C3C52A /* SDWebImageManager.h */ = {isa = PBXFileReference; fileEncoding = 4; lastKnownFileType = sourcecode.c.h; path = SDWebImageManager.h; sourceTree = "<group>"; };
		16880AAB216A47E200C3C52A /* NSData+ImageContentType.m */ = {isa = PBXFileReference; fileEncoding = 4; lastKnownFileType = sourcecode.c.objc; path = "NSData+ImageContentType.m"; sourceTree = "<group>"; };
		16880AAC216A47E200C3C52A /* UIImageView+WebCache.m */ = {isa = PBXFileReference; fileEncoding = 4; lastKnownFileType = sourcecode.c.objc; path = "UIImageView+WebCache.m"; sourceTree = "<group>"; };
		16880AAD216A47E200C3C52A /* SDWebImageOperation.h */ = {isa = PBXFileReference; fileEncoding = 4; lastKnownFileType = sourcecode.c.h; path = SDWebImageOperation.h; sourceTree = "<group>"; };
		16880AAE216A47E200C3C52A /* NSImage+WebCache.m */ = {isa = PBXFileReference; fileEncoding = 4; lastKnownFileType = sourcecode.c.objc; path = "NSImage+WebCache.m"; sourceTree = "<group>"; };
		16880AAF216A47E200C3C52A /* SDWebImageGIFCoder.m */ = {isa = PBXFileReference; fileEncoding = 4; lastKnownFileType = sourcecode.c.objc; path = SDWebImageGIFCoder.m; sourceTree = "<group>"; };
		16880AB0216A47E200C3C52A /* SDWebImageDownloader.h */ = {isa = PBXFileReference; fileEncoding = 4; lastKnownFileType = sourcecode.c.h; path = SDWebImageDownloader.h; sourceTree = "<group>"; };
		16880AB1216A47E200C3C52A /* SDImageCacheConfig.m */ = {isa = PBXFileReference; fileEncoding = 4; lastKnownFileType = sourcecode.c.objc; path = SDImageCacheConfig.m; sourceTree = "<group>"; };
		16880AB2216A47E200C3C52A /* SDWebImageCodersManager.h */ = {isa = PBXFileReference; fileEncoding = 4; lastKnownFileType = sourcecode.c.h; path = SDWebImageCodersManager.h; sourceTree = "<group>"; };
		16880AB3216A47E200C3C52A /* UIImage+ForceDecode.h */ = {isa = PBXFileReference; fileEncoding = 4; lastKnownFileType = sourcecode.c.h; path = "UIImage+ForceDecode.h"; sourceTree = "<group>"; };
		16880AB4216A47E200C3C52A /* UIView+WebCacheOperation.m */ = {isa = PBXFileReference; fileEncoding = 4; lastKnownFileType = sourcecode.c.objc; path = "UIView+WebCacheOperation.m"; sourceTree = "<group>"; };
		16880AB5216A47E200C3C52A /* UIView+WebCache.m */ = {isa = PBXFileReference; fileEncoding = 4; lastKnownFileType = sourcecode.c.objc; path = "UIView+WebCache.m"; sourceTree = "<group>"; };
		16880AB6216A47E200C3C52A /* SDWebImagePrefetcher.h */ = {isa = PBXFileReference; fileEncoding = 4; lastKnownFileType = sourcecode.c.h; path = SDWebImagePrefetcher.h; sourceTree = "<group>"; };
		16880AB7216A47E200C3C52A /* SDWebImageImageIOCoder.m */ = {isa = PBXFileReference; fileEncoding = 4; lastKnownFileType = sourcecode.c.objc; path = SDWebImageImageIOCoder.m; sourceTree = "<group>"; };
		16880AB8216A47E200C3C52A /* SDWebImageCompat.h */ = {isa = PBXFileReference; fileEncoding = 4; lastKnownFileType = sourcecode.c.h; path = SDWebImageCompat.h; sourceTree = "<group>"; };
		16880AB9216A47E200C3C52A /* SDWebImageCoderHelper.h */ = {isa = PBXFileReference; fileEncoding = 4; lastKnownFileType = sourcecode.c.h; path = SDWebImageCoderHelper.h; sourceTree = "<group>"; };
		16880ABA216A47E200C3C52A /* UIImage+MultiFormat.h */ = {isa = PBXFileReference; fileEncoding = 4; lastKnownFileType = sourcecode.c.h; path = "UIImage+MultiFormat.h"; sourceTree = "<group>"; };
		16880ABB216A47E200C3C52A /* UIButton+WebCache.m */ = {isa = PBXFileReference; fileEncoding = 4; lastKnownFileType = sourcecode.c.objc; path = "UIButton+WebCache.m"; sourceTree = "<group>"; };
		16880ABC216A47E200C3C52A /* SDWebImageWebPCoder.m */ = {isa = PBXFileReference; fileEncoding = 4; lastKnownFileType = sourcecode.c.objc; path = SDWebImageWebPCoder.m; sourceTree = "<group>"; };
		16880ABD216A47E200C3C52A /* UIImage+GIF.h */ = {isa = PBXFileReference; fileEncoding = 4; lastKnownFileType = sourcecode.c.h; path = "UIImage+GIF.h"; sourceTree = "<group>"; };
		16880AF4216A50B000C3C52A /* Action+CoreDataProperties.h */ = {isa = PBXFileReference; lastKnownFileType = sourcecode.c.h; path = "Action+CoreDataProperties.h"; sourceTree = "<group>"; };
		16880AF5216A50B000C3C52A /* Action+CoreDataClass.h */ = {isa = PBXFileReference; lastKnownFileType = sourcecode.c.h; path = "Action+CoreDataClass.h"; sourceTree = "<group>"; };
		16880AF6216A50B000C3C52A /* Action+CoreDataClass.m */ = {isa = PBXFileReference; lastKnownFileType = sourcecode.c.objc; path = "Action+CoreDataClass.m"; sourceTree = "<group>"; };
		16880AF7216A50B000C3C52A /* Action+CoreDataProperties.m */ = {isa = PBXFileReference; lastKnownFileType = sourcecode.c.objc; path = "Action+CoreDataProperties.m"; sourceTree = "<group>"; };
		16880AFA216A51B300C3C52A /* Hisotry+CoreDataProperties.h */ = {isa = PBXFileReference; lastKnownFileType = sourcecode.c.h; path = "Hisotry+CoreDataProperties.h"; sourceTree = "<group>"; };
		16880AFB216A51B300C3C52A /* Hisotry+CoreDataClass.h */ = {isa = PBXFileReference; lastKnownFileType = sourcecode.c.h; path = "Hisotry+CoreDataClass.h"; sourceTree = "<group>"; };
		16880AFC216A51B300C3C52A /* Hisotry+CoreDataClass.m */ = {isa = PBXFileReference; lastKnownFileType = sourcecode.c.objc; path = "Hisotry+CoreDataClass.m"; sourceTree = "<group>"; };
		16880AFD216A51B300C3C52A /* Hisotry+CoreDataProperties.m */ = {isa = PBXFileReference; lastKnownFileType = sourcecode.c.objc; path = "Hisotry+CoreDataProperties.m"; sourceTree = "<group>"; };
		168FFD841E8FD35D003DB6D9 /* Base */ = {isa = PBXFileReference; lastKnownFileType = file.storyboard; name = Base; path = Base.lproj/LaunchScreen.storyboard; sourceTree = "<group>"; };
		169DEB5817E5BD24000F8C7D /* CustomActivity.h */ = {isa = PBXFileReference; fileEncoding = 4; lastKnownFileType = sourcecode.c.h; path = CustomActivity.h; sourceTree = "<group>"; };
		169DEB5917E5BD24000F8C7D /* CustomActivity.m */ = {isa = PBXFileReference; fileEncoding = 4; lastKnownFileType = sourcecode.c.objc; path = CustomActivity.m; sourceTree = "<group>"; };
		169DEB7817E6905F000F8C7D /* HistoryManager.h */ = {isa = PBXFileReference; fileEncoding = 4; lastKnownFileType = sourcecode.c.h; path = HistoryManager.h; sourceTree = "<group>"; };
		169DEB7917E6905F000F8C7D /* HistoryManager.m */ = {isa = PBXFileReference; fileEncoding = 4; lastKnownFileType = sourcecode.c.objc; path = HistoryManager.m; sourceTree = "<group>"; };
		169DEB7E17E699A6000F8C7D /* HistoryViewController.h */ = {isa = PBXFileReference; fileEncoding = 4; lastKnownFileType = sourcecode.c.h; name = HistoryViewController.h; path = ViewController/HistoryViewController.h; sourceTree = "<group>"; };
		169DEB7F17E699A6000F8C7D /* HistoryViewController.m */ = {isa = PBXFileReference; fileEncoding = 4; lastKnownFileType = sourcecode.c.objc; name = HistoryViewController.m; path = ViewController/HistoryViewController.m; sourceTree = "<group>"; };
		169DEB8617E6C0E0000F8C7D /* EditViewController.h */ = {isa = PBXFileReference; fileEncoding = 4; lastKnownFileType = sourcecode.c.h; name = EditViewController.h; path = ViewController/EditViewController.h; sourceTree = "<group>"; };
		169DEB8717E6C0E0000F8C7D /* EditViewController.m */ = {isa = PBXFileReference; fileEncoding = 4; lastKnownFileType = sourcecode.c.objc; name = EditViewController.m; path = ViewController/EditViewController.m; sourceTree = "<group>"; };
		169DEB9517E719E6000F8C7D /* ActionManager.h */ = {isa = PBXFileReference; fileEncoding = 4; lastKnownFileType = sourcecode.c.h; path = ActionManager.h; sourceTree = "<group>"; };
		169DEB9617E719E6000F8C7D /* ActionManager.m */ = {isa = PBXFileReference; fileEncoding = 4; lastKnownFileType = sourcecode.c.objc; path = ActionManager.m; sourceTree = "<group>"; };
		16A840EF180013AE00B946D3 /* AppStoreViewController.h */ = {isa = PBXFileReference; fileEncoding = 4; lastKnownFileType = sourcecode.c.h; name = AppStoreViewController.h; path = ViewController/AppStoreViewController.h; sourceTree = "<group>"; };
		16A840F0180013AE00B946D3 /* AppStoreViewController.m */ = {isa = PBXFileReference; fileEncoding = 4; lastKnownFileType = sourcecode.c.objc; name = AppStoreViewController.m; path = ViewController/AppStoreViewController.m; sourceTree = "<group>"; };
		16AB5FB217FE1FB900B7D45A /* SearchEngineViewController.h */ = {isa = PBXFileReference; fileEncoding = 4; lastKnownFileType = sourcecode.c.h; name = SearchEngineViewController.h; path = ViewController/SearchEngineViewController.h; sourceTree = "<group>"; };
		16AB5FB317FE1FB900B7D45A /* SearchEngineViewController.m */ = {isa = PBXFileReference; fileEncoding = 4; lastKnownFileType = sourcecode.c.objc; name = SearchEngineViewController.m; path = ViewController/SearchEngineViewController.m; sourceTree = "<group>"; };
		16AB5FBA17FF8D6600B7D45A /* Base */ = {isa = PBXFileReference; lastKnownFileType = text.plist.strings; name = Base; path = Base.lproj/Localizable.strings; sourceTree = "<group>"; };
		16AB5FBE17FF8DC700B7D45A /* ja */ = {isa = PBXFileReference; lastKnownFileType = text.plist.strings; name = ja; path = ja.lproj/Localizable.strings; sourceTree = "<group>"; };
		16AB5FBF17FF8DCC00B7D45A /* en */ = {isa = PBXFileReference; lastKnownFileType = text.plist.strings; name = en; path = en.lproj/Localizable.strings; sourceTree = "<group>"; };
		16D0B3B318914AD500880C2B /* NSString+Quicka2.h */ = {isa = PBXFileReference; fileEncoding = 4; lastKnownFileType = sourcecode.c.h; path = "NSString+Quicka2.h"; sourceTree = "<group>"; };
		16D0B3B418914AD500880C2B /* NSString+Quicka2.m */ = {isa = PBXFileReference; fileEncoding = 4; lastKnownFileType = sourcecode.c.objc; path = "NSString+Quicka2.m"; sourceTree = "<group>"; };
		16EE5E581EC7C88500F2188C /* BrowserViewController.h */ = {isa = PBXFileReference; fileEncoding = 4; lastKnownFileType = sourcecode.c.h; name = BrowserViewController.h; path = ViewController/BrowserViewController.h; sourceTree = "<group>"; };
		16EE5E591EC7C88500F2188C /* BrowserViewController.m */ = {isa = PBXFileReference; fileEncoding = 4; lastKnownFileType = sourcecode.c.objc; name = BrowserViewController.m; path = ViewController/BrowserViewController.m; sourceTree = "<group>"; };
		16EEDF581E751AAB001DE9E5 /* ja */ = {isa = PBXFileReference; lastKnownFileType = text.plist.strings; name = ja; path = ja.lproj/InfoPlist.strings; sourceTree = "<group>"; };
		16F947DC17F82C10003923C5 /* CustomTableViewCell.h */ = {isa = PBXFileReference; fileEncoding = 4; lastKnownFileType = sourcecode.c.h; path = CustomTableViewCell.h; sourceTree = "<group>"; };
		16F947DD17F82C10003923C5 /* CustomTableViewCell.m */ = {isa = PBXFileReference; fileEncoding = 4; lastKnownFileType = sourcecode.c.objc; path = CustomTableViewCell.m; sourceTree = "<group>"; };
		16F947DF17F82F64003923C5 /* QuickaUtil.h */ = {isa = PBXFileReference; fileEncoding = 4; lastKnownFileType = sourcecode.c.h; path = QuickaUtil.h; sourceTree = "<group>"; };
		16F947E017F82F64003923C5 /* QuickaUtil.m */ = {isa = PBXFileReference; fileEncoding = 4; lastKnownFileType = sourcecode.c.objc; path = QuickaUtil.m; sourceTree = "<group>"; };
		16F947E517F84DE1003923C5 /* MyReferenceLibraryViewController.h */ = {isa = PBXFileReference; fileEncoding = 4; lastKnownFileType = sourcecode.c.h; path = MyReferenceLibraryViewController.h; sourceTree = "<group>"; };
		16F947E617F84DE1003923C5 /* MyReferenceLibraryViewController.m */ = {isa = PBXFileReference; fileEncoding = 4; lastKnownFileType = sourcecode.c.objc; path = MyReferenceLibraryViewController.m; sourceTree = "<group>"; };
		16F947E817F85CDD003923C5 /* SuggestView.h */ = {isa = PBXFileReference; fileEncoding = 4; lastKnownFileType = sourcecode.c.h; path = SuggestView.h; sourceTree = "<group>"; };
		16F947E917F85CDD003923C5 /* SuggestView.m */ = {isa = PBXFileReference; fileEncoding = 4; lastKnownFileType = sourcecode.c.objc; path = SuggestView.m; sourceTree = "<group>"; };
		16F947EB17FC66C9003923C5 /* SettingsViewController.h */ = {isa = PBXFileReference; fileEncoding = 4; lastKnownFileType = sourcecode.c.h; name = SettingsViewController.h; path = ViewController/SettingsViewController.h; sourceTree = "<group>"; };
		16F947EC17FC66C9003923C5 /* SettingsViewController.m */ = {isa = PBXFileReference; fileEncoding = 4; lastKnownFileType = sourcecode.c.objc; name = SettingsViewController.m; path = ViewController/SettingsViewController.m; sourceTree = "<group>"; };
/* End PBXFileReference section */

/* Begin PBXFrameworksBuildPhase section */
		160BEDAD17E471C000EC97FC /* Frameworks */ = {
			isa = PBXFrameworksBuildPhase;
			buildActionMask = 2147483647;
			files = (
				1647B4221EBC4C610038E066 /* SafariServices.framework in Frameworks */,
				160BEDF517E474E300EC97FC /* QuartzCore.framework in Frameworks */,
				160BEDB617E471C000EC97FC /* CoreGraphics.framework in Frameworks */,
				160BEDBA17E471C000EC97FC /* CoreData.framework in Frameworks */,
				160BEDB817E471C000EC97FC /* UIKit.framework in Frameworks */,
				160BEDB417E471C000EC97FC /* Foundation.framework in Frameworks */,
			);
			runOnlyForDeploymentPostprocessing = 0;
		};
		160BEDD617E471C100EC97FC /* Frameworks */ = {
			isa = PBXFrameworksBuildPhase;
			buildActionMask = 2147483647;
			files = (
				160BEDDB17E471C100EC97FC /* XCTest.framework in Frameworks */,
				160BEDDE17E471C100EC97FC /* CoreData.framework in Frameworks */,
				160BEDDD17E471C100EC97FC /* UIKit.framework in Frameworks */,
				160BEDDC17E471C100EC97FC /* Foundation.framework in Frameworks */,
			);
			runOnlyForDeploymentPostprocessing = 0;
		};
/* End PBXFrameworksBuildPhase section */

/* Begin PBXGroup section */
		160BEDA717E471C000EC97FC = {
			isa = PBXGroup;
			children = (
				160BEDBB17E471C000EC97FC /* Quicka */,
				160BEDE117E471C100EC97FC /* QuickaTests */,
				160BEDB217E471C000EC97FC /* Frameworks */,
				160BEDB117E471C000EC97FC /* Products */,
			);
			sourceTree = "<group>";
		};
		160BEDB117E471C000EC97FC /* Products */ = {
			isa = PBXGroup;
			children = (
				160BEDB017E471C000EC97FC /* Quicka.app */,
				160BEDD917E471C100EC97FC /* QuickaTests.xctest */,
			);
			name = Products;
			sourceTree = "<group>";
		};
		160BEDB217E471C000EC97FC /* Frameworks */ = {
			isa = PBXGroup;
			children = (
				1647B4211EBC4C610038E066 /* SafariServices.framework */,
				164E80AB181FE894007922D6 /* Security.framework */,
				160BEDF417E474E300EC97FC /* QuartzCore.framework */,
				160BEDB317E471C000EC97FC /* Foundation.framework */,
				160BEDB517E471C000EC97FC /* CoreGraphics.framework */,
				160BEDB717E471C000EC97FC /* UIKit.framework */,
				160BEDB917E471C000EC97FC /* CoreData.framework */,
				160BEDDA17E471C100EC97FC /* XCTest.framework */,
			);
			name = Frameworks;
			sourceTree = "<group>";
		};
		160BEDBB17E471C000EC97FC /* Quicka */ = {
			isa = PBXGroup;
			children = (
				166BE333181EF5740002A080 /* Cell */,
				160BEDF917E491E700EC97FC /* Library */,
				160BEDC417E471C000EC97FC /* AppDelegate.h */,
				160BEDC517E471C000EC97FC /* AppDelegate.m */,
				160BEDF117E4745400EC97FC /* ContainerViewController.h */,
				160BEDF217E4745400EC97FC /* ContainerViewController.m */,
				16AB5FE41800275200B7D45A /* Main */,
				16AB5FE51800277D00B7D45A /* Sub */,
				16B8A80A183855CB00469BDC /* Settings */,
				160BEDBC17E471C000EC97FC /* Supporting Files */,
			);
			path = Quicka;
			sourceTree = "<group>";
		};
		160BEDBC17E471C000EC97FC /* Supporting Files */ = {
			isa = PBXGroup;
			children = (
				160E55EE182133F8008937C7 /* Images.xcassets */,
				168FFD831E8FD35D003DB6D9 /* LaunchScreen.storyboard */,
				160BEDCA17E471C000EC97FC /* Quicka.xcdatamodeld */,
				160BEDBD17E471C000EC97FC /* Quicka-Info.plist */,
				160033B2180756E300FB30D8 /* setup.json */,
				16AB5FBB17FF8D6600B7D45A /* Localizable.strings */,
				160BEDC117E471C000EC97FC /* main.m */,
				160BEDC317E471C000EC97FC /* Quicka-Prefix.pch */,
				16EEDF591E751AAB001DE9E5 /* InfoPlist.strings */,
			);
			name = "Supporting Files";
			sourceTree = "<group>";
		};
		160BEDE117E471C100EC97FC /* QuickaTests */ = {
			isa = PBXGroup;
			children = (
				160BEDE717E471C100EC97FC /* QuickaTests.m */,
				160BEDE217E471C100EC97FC /* Supporting Files */,
			);
			path = QuickaTests;
			sourceTree = "<group>";
		};
		160BEDE217E471C100EC97FC /* Supporting Files */ = {
			isa = PBXGroup;
			children = (
				160BEDE317E471C100EC97FC /* QuickaTests-Info.plist */,
			);
			name = "Supporting Files";
			sourceTree = "<group>";
		};
		160BEDF917E491E700EC97FC /* Library */ = {
			isa = PBXGroup;
			children = (
				16880A7F216A47E100C3C52A /* SDWebImage */,
				165146AC216A472F00813B82 /* FLAnimatedImage */,
				1672813817E5454B0072173D /* MagicalRecord */,
				169DEB7717E69048000F8C7D /* ModelManager */,
				169DEB5E17E68CD4000F8C7D /* XcdataModel */,
				169DEB4B17E5B486000F8C7D /* CustomActivity */,
				16F947E517F84DE1003923C5 /* MyReferenceLibraryViewController.h */,
				16F947E617F84DE1003923C5 /* MyReferenceLibraryViewController.m */,
				16D0B3B318914AD500880C2B /* NSString+Quicka2.h */,
				16D0B3B418914AD500880C2B /* NSString+Quicka2.m */,
				16F947DC17F82C10003923C5 /* CustomTableViewCell.h */,
				16F947DD17F82C10003923C5 /* CustomTableViewCell.m */,
				1618E9041827214E00159F92 /* CustomCollectionViewCell.h */,
				1618E9051827214E00159F92 /* CustomCollectionViewCell.m */,
				16F947E817F85CDD003923C5 /* SuggestView.h */,
				16F947E917F85CDD003923C5 /* SuggestView.m */,
				16F947DF17F82F64003923C5 /* QuickaUtil.h */,
				16F947E017F82F64003923C5 /* QuickaUtil.m */,
			);
			path = Library;
			sourceTree = "<group>";
		};
		165146AC216A472F00813B82 /* FLAnimatedImage */ = {
			isa = PBXGroup;
			children = (
				165146AD216A472F00813B82 /* FLAnimatedImage.m */,
				165146AE216A472F00813B82 /* FLAnimatedImageView.m */,
				165146AF216A472F00813B82 /* FLAnimatedImage.h */,
				165146B0216A472F00813B82 /* FLAnimatedImageView.h */,
			);
			path = FLAnimatedImage;
			sourceTree = "<group>";
		};
		166BE333181EF5740002A080 /* Cell */ = {
			isa = PBXGroup;
			children = (
				166BE334181EF5740002A080 /* DefaultCell.xib */,
				166BE33A181EF73B0002A080 /* DefaultIconCell.xib */,
				166BE33C181EFAAD0002A080 /* DefaultSubtitleIconCell.xib */,
				166BE340181EFD4A0002A080 /* DefaultCenterCell.xib */,
				1618E90018271AA500159F92 /* CollectionViewColorCell.xib */,
				1618E90218271AB700159F92 /* CollectionViewIconCell.xib */,
				166BE336181EF5A00002A080 /* TitleCell.xib */,
				166BE338181EF5AF0002A080 /* URLCell.xib */,
				1618E9071827228800159F92 /* MyCollectionViewCell.xib */,
			);
			path = Cell;
			sourceTree = "<group>";
		};
		1672813817E5454B0072173D /* MagicalRecord */ = {
			isa = PBXGroup;
			children = (
				1672813917E5454B0072173D /* Categories */,
				1672816317E5454B0072173D /* Core */,
				1672817317E5454B0072173D /* CoreData+MagicalRecord.h */,
			);
			path = MagicalRecord;
			sourceTree = "<group>";
		};
		1672813917E5454B0072173D /* Categories */ = {
			isa = PBXGroup;
			children = (
				1672813A17E5454B0072173D /* DataImport */,
				1672814917E5454B0072173D /* NSManagedObject */,
				1672815417E5454B0072173D /* NSManagedObjectContext */,
				1672815D17E5454B0072173D /* NSManagedObjectModel+MagicalRecord.h */,
				1672815E17E5454B0072173D /* NSManagedObjectModel+MagicalRecord.m */,
				1672815F17E5454B0072173D /* NSPersistentStore+MagicalRecord.h */,
				1672816017E5454B0072173D /* NSPersistentStore+MagicalRecord.m */,
				1672816117E5454B0072173D /* NSPersistentStoreCoordinator+MagicalRecord.h */,
				1672816217E5454B0072173D /* NSPersistentStoreCoordinator+MagicalRecord.m */,
			);
			path = Categories;
			sourceTree = "<group>";
		};
		1672813A17E5454B0072173D /* DataImport */ = {
			isa = PBXGroup;
			children = (
				1672813B17E5454B0072173D /* MagicalImportFunctions.h */,
				1672813C17E5454B0072173D /* MagicalImportFunctions.m */,
				1672813D17E5454B0072173D /* NSAttributeDescription+MagicalDataImport.h */,
				1672813E17E5454B0072173D /* NSAttributeDescription+MagicalDataImport.m */,
				1672813F17E5454B0072173D /* NSEntityDescription+MagicalDataImport.h */,
				1672814017E5454B0072173D /* NSEntityDescription+MagicalDataImport.m */,
				1672814117E5454B0072173D /* NSNumber+MagicalDataImport.h */,
				1672814217E5454B0072173D /* NSNumber+MagicalDataImport.m */,
				1672814317E5454B0072173D /* NSObject+MagicalDataImport.h */,
				1672814417E5454B0072173D /* NSObject+MagicalDataImport.m */,
				1672814517E5454B0072173D /* NSRelationshipDescription+MagicalDataImport.h */,
				1672814617E5454B0072173D /* NSRelationshipDescription+MagicalDataImport.m */,
				1672814717E5454B0072173D /* NSString+MagicalDataImport.h */,
				1672814817E5454B0072173D /* NSString+MagicalDataImport.m */,
			);
			path = DataImport;
			sourceTree = "<group>";
		};
		1672814917E5454B0072173D /* NSManagedObject */ = {
			isa = PBXGroup;
			children = (
				1672814A17E5454B0072173D /* NSManagedObject+MagicalAggregation.h */,
				1672814B17E5454B0072173D /* NSManagedObject+MagicalAggregation.m */,
				1672814C17E5454B0072173D /* NSManagedObject+MagicalDataImport.h */,
				1672814D17E5454B0072173D /* NSManagedObject+MagicalDataImport.m */,
				1672814E17E5454B0072173D /* NSManagedObject+MagicalFinders.h */,
				1672814F17E5454B0072173D /* NSManagedObject+MagicalFinders.m */,
				1672815017E5454B0072173D /* NSManagedObject+MagicalRecord.h */,
				1672815117E5454B0072173D /* NSManagedObject+MagicalRecord.m */,
				1672815217E5454B0072173D /* NSManagedObject+MagicalRequests.h */,
				1672815317E5454B0072173D /* NSManagedObject+MagicalRequests.m */,
			);
			path = NSManagedObject;
			sourceTree = "<group>";
		};
		1672815417E5454B0072173D /* NSManagedObjectContext */ = {
			isa = PBXGroup;
			children = (
				1672815517E5454B0072173D /* NSManagedObjectContext+MagicalObserving.h */,
				1672815617E5454B0072173D /* NSManagedObjectContext+MagicalObserving.m */,
				1672815717E5454B0072173D /* NSManagedObjectContext+MagicalRecord.h */,
				1672815817E5454B0072173D /* NSManagedObjectContext+MagicalRecord.m */,
				1672815917E5454B0072173D /* NSManagedObjectContext+MagicalSaves.h */,
				1672815A17E5454B0072173D /* NSManagedObjectContext+MagicalSaves.m */,
				1672815B17E5454B0072173D /* NSManagedObjectContext+MagicalThreading.h */,
				1672815C17E5454B0072173D /* NSManagedObjectContext+MagicalThreading.m */,
			);
			path = NSManagedObjectContext;
			sourceTree = "<group>";
		};
		1672816317E5454B0072173D /* Core */ = {
			isa = PBXGroup;
			children = (
				1672816417E5454B0072173D /* MagicalRecord+Actions.h */,
				1672816517E5454B0072173D /* MagicalRecord+Actions.m */,
				1672816617E5454B0072173D /* MagicalRecord+ErrorHandling.h */,
				1672816717E5454B0072173D /* MagicalRecord+ErrorHandling.m */,
				1672816817E5454B0072173D /* MagicalRecord+iCloud.h */,
				1672816917E5454B0072173D /* MagicalRecord+iCloud.m */,
				1672816A17E5454B0072173D /* MagicalRecord+Options.h */,
				1672816B17E5454B0072173D /* MagicalRecord+Options.m */,
				1672816C17E5454B0072173D /* MagicalRecord+Setup.h */,
				1672816D17E5454B0072173D /* MagicalRecord+Setup.m */,
				1672816E17E5454B0072173D /* MagicalRecord+ShorthandSupport.h */,
				1672816F17E5454B0072173D /* MagicalRecord+ShorthandSupport.m */,
				1672817017E5454B0072173D /* MagicalRecord.h */,
				1672817117E5454B0072173D /* MagicalRecord.m */,
				1672817217E5454B0072173D /* MagicalRecordShorthand.h */,
			);
			path = Core;
			sourceTree = "<group>";
		};
		16880A7F216A47E100C3C52A /* SDWebImage */ = {
			isa = PBXGroup;
			children = (
				16880A80216A47E100C3C52A /* SDAnimatedImageRep.h */,
				16880A81216A47E100C3C52A /* UIImage+WebP.m */,
				16880A82216A47E100C3C52A /* MKAnnotationView+WebCache.m */,
				16880A83216A47E100C3C52A /* NSButton+WebCache.h */,
				16880A84216A47E100C3C52A /* SDWebImageCoder.h */,
				16880A85216A47E100C3C52A /* NSImage+WebCache.h */,
				16880A86216A47E100C3C52A /* UIImageView+WebCache.h */,
				16880A87216A47E100C3C52A /* NSData+ImageContentType.h */,
				16880A88216A47E100C3C52A /* SDWebImageTransition.h */,
				16880A89216A47E100C3C52A /* SDWebImageManager.m */,
				16880A8A216A47E100C3C52A /* SDWebImageDownloaderOperation.h */,
				16880A8B216A47E100C3C52A /* UIImageView+HighlightedWebCache.m */,
				16880A8C216A47E100C3C52A /* SDWebImageFrame.m */,
				16880A8D216A47E100C3C52A /* SDImageCache.h */,
				16880A8E216A47E100C3C52A /* UIImage+ForceDecode.m */,
				16880A8F216A47E100C3C52A /* SDImageCacheConfig.h */,
				16880A90216A47E100C3C52A /* SDWebImageCodersManager.m */,
				16880A91216A47E100C3C52A /* FLAnimatedImage */,
				16880A94216A47E100C3C52A /* SDWebImageDownloader.m */,
				16880A95216A47E100C3C52A /* SDWebImageGIFCoder.h */,
				16880A96216A47E100C3C52A /* SDWebImageWebPCoder.h */,
				16880A97216A47E100C3C52A /* UIImage+GIF.m */,
				16880A98216A47E100C3C52A /* UIButton+WebCache.h */,
				16880A99216A47E100C3C52A /* UIImage+MultiFormat.m */,
				16880A9A216A47E100C3C52A /* SDWebImageCoderHelper.m */,
				16880A9B216A47E100C3C52A /* SDWebImageCompat.m */,
				16880A9C216A47E100C3C52A /* SDWebImageImageIOCoder.h */,
				16880A9D216A47E100C3C52A /* SDWebImagePrefetcher.m */,
				16880A9E216A47E100C3C52A /* UIView+WebCache.h */,
				16880A9F216A47E100C3C52A /* UIView+WebCacheOperation.h */,
				16880AA0216A47E100C3C52A /* SDWebImageCoder.m */,
				16880AA1216A47E100C3C52A /* NSButton+WebCache.m */,
				16880AA2216A47E100C3C52A /* MKAnnotationView+WebCache.h */,
				16880AA3216A47E100C3C52A /* UIImage+WebP.h */,
				16880AA4216A47E100C3C52A /* SDAnimatedImageRep.m */,
				16880AA5216A47E100C3C52A /* SDImageCache.m */,
				16880AA6216A47E100C3C52A /* SDWebImageFrame.h */,
				16880AA7216A47E100C3C52A /* UIImageView+HighlightedWebCache.h */,
				16880AA8216A47E100C3C52A /* SDWebImageDownloaderOperation.m */,
				16880AA9216A47E200C3C52A /* SDWebImageTransition.m */,
				16880AAA216A47E200C3C52A /* SDWebImageManager.h */,
				16880AAB216A47E200C3C52A /* NSData+ImageContentType.m */,
				16880AAC216A47E200C3C52A /* UIImageView+WebCache.m */,
				16880AAD216A47E200C3C52A /* SDWebImageOperation.h */,
				16880AAE216A47E200C3C52A /* NSImage+WebCache.m */,
				16880AAF216A47E200C3C52A /* SDWebImageGIFCoder.m */,
				16880AB0216A47E200C3C52A /* SDWebImageDownloader.h */,
				16880AB1216A47E200C3C52A /* SDImageCacheConfig.m */,
				16880AB2216A47E200C3C52A /* SDWebImageCodersManager.h */,
				16880AB3216A47E200C3C52A /* UIImage+ForceDecode.h */,
				16880AB4216A47E200C3C52A /* UIView+WebCacheOperation.m */,
				16880AB5216A47E200C3C52A /* UIView+WebCache.m */,
				16880AB6216A47E200C3C52A /* SDWebImagePrefetcher.h */,
				16880AB7216A47E200C3C52A /* SDWebImageImageIOCoder.m */,
				16880AB8216A47E200C3C52A /* SDWebImageCompat.h */,
				16880AB9216A47E200C3C52A /* SDWebImageCoderHelper.h */,
				16880ABA216A47E200C3C52A /* UIImage+MultiFormat.h */,
				16880ABB216A47E200C3C52A /* UIButton+WebCache.m */,
				16880ABC216A47E200C3C52A /* SDWebImageWebPCoder.m */,
				16880ABD216A47E200C3C52A /* UIImage+GIF.h */,
			);
			path = SDWebImage;
			sourceTree = "<group>";
		};
		16880A91216A47E100C3C52A /* FLAnimatedImage */ = {
			isa = PBXGroup;
			children = (
				16880A92216A47E100C3C52A /* FLAnimatedImageView+WebCache.m */,
				16880A93216A47E100C3C52A /* FLAnimatedImageView+WebCache.h */,
			);
			path = FLAnimatedImage;
			sourceTree = "<group>";
		};
		169DEB4B17E5B486000F8C7D /* CustomActivity */ = {
			isa = PBXGroup;
			children = (
				169DEB5817E5BD24000F8C7D /* CustomActivity.h */,
				169DEB5917E5BD24000F8C7D /* CustomActivity.m */,
			);
			path = CustomActivity;
			sourceTree = "<group>";
		};
		169DEB5E17E68CD4000F8C7D /* XcdataModel */ = {
			isa = PBXGroup;
			children = (
				16880AF4216A50B000C3C52A /* Action+CoreDataProperties.h */,
				16880AF5216A50B000C3C52A /* Action+CoreDataClass.h */,
				16880AF6216A50B000C3C52A /* Action+CoreDataClass.m */,
				16880AF7216A50B000C3C52A /* Action+CoreDataProperties.m */,
				16880AFA216A51B300C3C52A /* Hisotry+CoreDataProperties.h */,
				16880AFB216A51B300C3C52A /* Hisotry+CoreDataClass.h */,
				16880AFC216A51B300C3C52A /* Hisotry+CoreDataClass.m */,
				16880AFD216A51B300C3C52A /* Hisotry+CoreDataProperties.m */,
			);
			path = XcdataModel;
			sourceTree = "<group>";
		};
		169DEB7717E69048000F8C7D /* ModelManager */ = {
			isa = PBXGroup;
			children = (
				169DEB9517E719E6000F8C7D /* ActionManager.h */,
				169DEB9617E719E6000F8C7D /* ActionManager.m */,
				169DEB7817E6905F000F8C7D /* HistoryManager.h */,
				169DEB7917E6905F000F8C7D /* HistoryManager.m */,
			);
			path = ModelManager;
			sourceTree = "<group>";
		};
		16AB5FE41800275200B7D45A /* Main */ = {
			isa = PBXGroup;
			children = (
				160BEDF617E47C6700EC97FC /* MainViewController.h */,
				160BEDF717E47C6700EC97FC /* MainViewController.m */,
				169DEB8617E6C0E0000F8C7D /* EditViewController.h */,
				169DEB8717E6C0E0000F8C7D /* EditViewController.m */,
				1618E8FD18270C7300159F92 /* CreateIconViewController.h */,
				1618E8FE18270C7300159F92 /* CreateIconViewController.m */,
				163D1C4E1800E3A8009894A5 /* SelectImageViewController.h */,
				163D1C4F1800E3A8009894A5 /* SelectImageViewController.m */,
				169DEB7E17E699A6000F8C7D /* HistoryViewController.h */,
				169DEB7F17E699A6000F8C7D /* HistoryViewController.m */,
				16A840EF180013AE00B946D3 /* AppStoreViewController.h */,
				16A840F0180013AE00B946D3 /* AppStoreViewController.m */,
			);
			name = Main;
			sourceTree = "<group>";
		};
		16AB5FE51800277D00B7D45A /* Sub */ = {
			isa = PBXGroup;
			children = (
				160BEE4717E49B3900EC97FC /* SubViewController.h */,
				160BEE4817E49B3900EC97FC /* SubViewController.m */,
			);
			name = Sub;
			sourceTree = "<group>";
		};
		16B8A80A183855CB00469BDC /* Settings */ = {
			isa = PBXGroup;
			children = (
				160BEDC717E471C000EC97FC /* Settings.storyboard */,
				16F947EB17FC66C9003923C5 /* SettingsViewController.h */,
				16F947EC17FC66C9003923C5 /* SettingsViewController.m */,
				16AB5FB217FE1FB900B7D45A /* SearchEngineViewController.h */,
				16AB5FB317FE1FB900B7D45A /* SearchEngineViewController.m */,
				160E55F01821BB51008937C7 /* CustomEngineViewController.h */,
				160E55F11821BB51008937C7 /* CustomEngineViewController.m */,
				16EE5E581EC7C88500F2188C /* BrowserViewController.h */,
				16EE5E591EC7C88500F2188C /* BrowserViewController.m */,
			);
			name = Settings;
			sourceTree = "<group>";
		};
/* End PBXGroup section */

/* Begin PBXNativeTarget section */
		160BEDAF17E471C000EC97FC /* Quicka */ = {
			isa = PBXNativeTarget;
			buildConfigurationList = 160BEDEB17E471C100EC97FC /* Build configuration list for PBXNativeTarget "Quicka" */;
			buildPhases = (
				160BEDAC17E471C000EC97FC /* Sources */,
				160BEDAD17E471C000EC97FC /* Frameworks */,
				160BEDAE17E471C000EC97FC /* Resources */,
			);
			buildRules = (
			);
			dependencies = (
			);
			name = Quicka;
			productName = Quicka;
			productReference = 160BEDB017E471C000EC97FC /* Quicka.app */;
			productType = "com.apple.product-type.application";
		};
		160BEDD817E471C100EC97FC /* QuickaTests */ = {
			isa = PBXNativeTarget;
			buildConfigurationList = 160BEDEE17E471C100EC97FC /* Build configuration list for PBXNativeTarget "QuickaTests" */;
			buildPhases = (
				160BEDD517E471C100EC97FC /* Sources */,
				160BEDD617E471C100EC97FC /* Frameworks */,
				160BEDD717E471C100EC97FC /* Resources */,
			);
			buildRules = (
			);
			dependencies = (
				160BEDE017E471C100EC97FC /* PBXTargetDependency */,
			);
			name = QuickaTests;
			productName = QuickaTests;
			productReference = 160BEDD917E471C100EC97FC /* QuickaTests.xctest */;
			productType = "com.apple.product-type.bundle.unit-test";
		};
/* End PBXNativeTarget section */

/* Begin PBXProject section */
		160BEDA817E471C000EC97FC /* Project object */ = {
			isa = PBXProject;
			attributes = {
				LastUpgradeCheck = 1000;
				ORGANIZATIONNAME = "OCHIISHI Koichiro";
				TargetAttributes = {
					160BEDAF17E471C000EC97FC = {
						DevelopmentTeam = CLLJ787FV4;
						ProvisioningStyle = Automatic;
					};
					160BEDD817E471C100EC97FC = {
						TestTargetID = 160BEDAF17E471C000EC97FC;
					};
				};
			};
			buildConfigurationList = 160BEDAB17E471C000EC97FC /* Build configuration list for PBXProject "Quicka" */;
			compatibilityVersion = "Xcode 3.2";
			developmentRegion = English;
			hasScannedForEncodings = 0;
			knownRegions = (
				en,
				Base,
				ja,
			);
			mainGroup = 160BEDA717E471C000EC97FC;
			productRefGroup = 160BEDB117E471C000EC97FC /* Products */;
			projectDirPath = "";
			projectRoot = "";
			targets = (
				160BEDAF17E471C000EC97FC /* Quicka */,
				160BEDD817E471C100EC97FC /* QuickaTests */,
			);
		};
/* End PBXProject section */

/* Begin PBXResourcesBuildPhase section */
		160BEDAE17E471C000EC97FC /* Resources */ = {
			isa = PBXResourcesBuildPhase;
			buildActionMask = 2147483647;
			files = (
				166BE335181EF5740002A080 /* DefaultCell.xib in Resources */,
				16EEDF571E751AAB001DE9E5 /* InfoPlist.strings in Resources */,
				160E55EF182133F8008937C7 /* Images.xcassets in Resources */,
				166BE339181EF5AF0002A080 /* URLCell.xib in Resources */,
				1618E90318271AB700159F92 /* CollectionViewIconCell.xib in Resources */,
				166BE33D181EFAAD0002A080 /* DefaultSubtitleIconCell.xib in Resources */,
				166BE337181EF5A00002A080 /* TitleCell.xib in Resources */,
				168FFD851E8FD35D003DB6D9 /* LaunchScreen.storyboard in Resources */,
				1618E9081827228800159F92 /* MyCollectionViewCell.xib in Resources */,
				160033B3180756E300FB30D8 /* setup.json in Resources */,
				166BE341181EFD4A0002A080 /* DefaultCenterCell.xib in Resources */,
				16AB5FB917FF8D6600B7D45A /* Localizable.strings in Resources */,
				166BE33B181EF73B0002A080 /* DefaultIconCell.xib in Resources */,
				1618E90118271AA500159F92 /* CollectionViewColorCell.xib in Resources */,
				160BEDC917E471C000EC97FC /* Settings.storyboard in Resources */,
			);
			runOnlyForDeploymentPostprocessing = 0;
		};
		160BEDD717E471C100EC97FC /* Resources */ = {
			isa = PBXResourcesBuildPhase;
			buildActionMask = 2147483647;
			files = (
			);
			runOnlyForDeploymentPostprocessing = 0;
		};
/* End PBXResourcesBuildPhase section */

/* Begin PBXSourcesBuildPhase section */
		160BEDAC17E471C000EC97FC /* Sources */ = {
			isa = PBXSourcesBuildPhase;
			buildActionMask = 2147483647;
			files = (
				16880AFF216A51B300C3C52A /* Hisotry+CoreDataProperties.m in Sources */,
				16880AC3216A47E200C3C52A /* UIImage+ForceDecode.m in Sources */,
				165146B2216A472F00813B82 /* FLAnimatedImageView.m in Sources */,
				16880AC9216A47E200C3C52A /* SDWebImageCoderHelper.m in Sources */,
				16880AD0216A47E200C3C52A /* SDWebImageDownloaderOperation.m in Sources */,
				16F947ED17FC66C9003923C5 /* SettingsViewController.m in Sources */,
				16880ACF216A47E200C3C52A /* SDImageCache.m in Sources */,
				1672817817E5454B0072173D /* NSObject+MagicalDataImport.m in Sources */,
				16880AC8216A47E200C3C52A /* UIImage+MultiFormat.m in Sources */,
				1672818617E5454B0072173D /* NSPersistentStoreCoordinator+MagicalRecord.m in Sources */,
				1672817717E5454B0072173D /* NSNumber+MagicalDataImport.m in Sources */,
				16F947EA17F85CDD003923C5 /* SuggestView.m in Sources */,
				16A840F1180013AE00B946D3 /* AppStoreViewController.m in Sources */,
				1672818117E5454B0072173D /* NSManagedObjectContext+MagicalRecord.m in Sources */,
				1672818317E5454B0072173D /* NSManagedObjectContext+MagicalThreading.m in Sources */,
				16880ACE216A47E200C3C52A /* SDAnimatedImageRep.m in Sources */,
				16EE5E5A1EC7C88500F2188C /* BrowserViewController.m in Sources */,
				160BEDF317E4745400EC97FC /* ContainerViewController.m in Sources */,
				16880AD1216A47E200C3C52A /* SDWebImageTransition.m in Sources */,
				16880ABF216A47E200C3C52A /* MKAnnotationView+WebCache.m in Sources */,
				16880ADA216A47E200C3C52A /* UIButton+WebCache.m in Sources */,
				16880AFE216A51B300C3C52A /* Hisotry+CoreDataClass.m in Sources */,
				160BEE4917E49B3900EC97FC /* SubViewController.m in Sources */,
				1672817917E5454B0072173D /* NSRelationshipDescription+MagicalDataImport.m in Sources */,
				16880AD9216A47E200C3C52A /* SDWebImageImageIOCoder.m in Sources */,
				16880AD7216A47E200C3C52A /* UIView+WebCacheOperation.m in Sources */,
				1672817F17E5454B0072173D /* NSManagedObject+MagicalRequests.m in Sources */,
				16F947DE17F82C10003923C5 /* CustomTableViewCell.m in Sources */,
				1672818D17E5454B0072173D /* MagicalRecord.m in Sources */,
				160BEDC617E471C000EC97FC /* AppDelegate.m in Sources */,
				1618E8FF18270C7300159F92 /* CreateIconViewController.m in Sources */,
				1672818517E5454B0072173D /* NSPersistentStore+MagicalRecord.m in Sources */,
				16880AD5216A47E200C3C52A /* SDWebImageGIFCoder.m in Sources */,
				16880AC5216A47E200C3C52A /* FLAnimatedImageView+WebCache.m in Sources */,
				1672818417E5454B0072173D /* NSManagedObjectModel+MagicalRecord.m in Sources */,
				1672817517E5454B0072173D /* NSAttributeDescription+MagicalDataImport.m in Sources */,
				169DEB9717E719E6000F8C7D /* ActionManager.m in Sources */,
				169DEB8817E6C0E0000F8C7D /* EditViewController.m in Sources */,
				16880ACC216A47E200C3C52A /* SDWebImageCoder.m in Sources */,
				1672817417E5454B0072173D /* MagicalImportFunctions.m in Sources */,
				169DEB5A17E5BD24000F8C7D /* CustomActivity.m in Sources */,
				16880AF8216A50B000C3C52A /* Action+CoreDataClass.m in Sources */,
				163D1C501800E3A8009894A5 /* SelectImageViewController.m in Sources */,
				160BEDF817E47C6700EC97FC /* MainViewController.m in Sources */,
				1672818017E5454B0072173D /* NSManagedObjectContext+MagicalObserving.m in Sources */,
				1672818B17E5454B0072173D /* MagicalRecord+Setup.m in Sources */,
				169DEB7A17E6905F000F8C7D /* HistoryManager.m in Sources */,
				16AB5FB417FE1FB900B7D45A /* SearchEngineViewController.m in Sources */,
				16880AC0216A47E200C3C52A /* SDWebImageManager.m in Sources */,
				1618E9061827214E00159F92 /* CustomCollectionViewCell.m in Sources */,
				16880AD8216A47E200C3C52A /* UIView+WebCache.m in Sources */,
				16F947E117F82F64003923C5 /* QuickaUtil.m in Sources */,
				16880ADB216A47E200C3C52A /* SDWebImageWebPCoder.m in Sources */,
				16880AD6216A47E200C3C52A /* SDImageCacheConfig.m in Sources */,
				16880AC4216A47E200C3C52A /* SDWebImageCodersManager.m in Sources */,
				160E55F21821BB51008937C7 /* CustomEngineViewController.m in Sources */,
				1672817B17E5454B0072173D /* NSManagedObject+MagicalAggregation.m in Sources */,
				1672818C17E5454B0072173D /* MagicalRecord+ShorthandSupport.m in Sources */,
				16880AC1216A47E200C3C52A /* UIImageView+HighlightedWebCache.m in Sources */,
				160BEDC217E471C000EC97FC /* main.m in Sources */,
				16880ACB216A47E200C3C52A /* SDWebImagePrefetcher.m in Sources */,
				1672817A17E5454B0072173D /* NSString+MagicalDataImport.m in Sources */,
				16880ABE216A47E200C3C52A /* UIImage+WebP.m in Sources */,
				16880AC7216A47E200C3C52A /* UIImage+GIF.m in Sources */,
				1672818A17E5454B0072173D /* MagicalRecord+Options.m in Sources */,
				1672817E17E5454B0072173D /* NSManagedObject+MagicalRecord.m in Sources */,
				1672818717E5454B0072173D /* MagicalRecord+Actions.m in Sources */,
				1672817C17E5454B0072173D /* NSManagedObject+MagicalDataImport.m in Sources */,
				16880AF9216A50B000C3C52A /* Action+CoreDataProperties.m in Sources */,
				16880ACA216A47E200C3C52A /* SDWebImageCompat.m in Sources */,
				16880ACD216A47E200C3C52A /* NSButton+WebCache.m in Sources */,
				16880AD4216A47E200C3C52A /* NSImage+WebCache.m in Sources */,
				16880AC2216A47E200C3C52A /* SDWebImageFrame.m in Sources */,
				16D0B3B518914AD500880C2B /* NSString+Quicka2.m in Sources */,
				1672818917E5454B0072173D /* MagicalRecord+iCloud.m in Sources */,
				1672817617E5454B0072173D /* NSEntityDescription+MagicalDataImport.m in Sources */,
				16880AD2216A47E200C3C52A /* NSData+ImageContentType.m in Sources */,
				1672818217E5454B0072173D /* NSManagedObjectContext+MagicalSaves.m in Sources */,
				169DEB8017E699A6000F8C7D /* HistoryViewController.m in Sources */,
				16F947E717F84DE1003923C5 /* MyReferenceLibraryViewController.m in Sources */,
				165146B1216A472F00813B82 /* FLAnimatedImage.m in Sources */,
				1672817D17E5454B0072173D /* NSManagedObject+MagicalFinders.m in Sources */,
				160BEDCC17E471C000EC97FC /* Quicka.xcdatamodeld in Sources */,
				16880AC6216A47E200C3C52A /* SDWebImageDownloader.m in Sources */,
				1672818817E5454B0072173D /* MagicalRecord+ErrorHandling.m in Sources */,
				16880AD3216A47E200C3C52A /* UIImageView+WebCache.m in Sources */,
			);
			runOnlyForDeploymentPostprocessing = 0;
		};
		160BEDD517E471C100EC97FC /* Sources */ = {
			isa = PBXSourcesBuildPhase;
			buildActionMask = 2147483647;
			files = (
				160BEDE817E471C100EC97FC /* QuickaTests.m in Sources */,
			);
			runOnlyForDeploymentPostprocessing = 0;
		};
/* End PBXSourcesBuildPhase section */

/* Begin PBXTargetDependency section */
		160BEDE017E471C100EC97FC /* PBXTargetDependency */ = {
			isa = PBXTargetDependency;
			target = 160BEDAF17E471C000EC97FC /* Quicka */;
			targetProxy = 160BEDDF17E471C100EC97FC /* PBXContainerItemProxy */;
		};
/* End PBXTargetDependency section */

/* Begin PBXVariantGroup section */
		160BEDC717E471C000EC97FC /* Settings.storyboard */ = {
			isa = PBXVariantGroup;
			children = (
				160BEDC817E471C000EC97FC /* Base */,
			);
			name = Settings.storyboard;
			sourceTree = "<group>";
		};
		168FFD831E8FD35D003DB6D9 /* LaunchScreen.storyboard */ = {
			isa = PBXVariantGroup;
			children = (
				168FFD841E8FD35D003DB6D9 /* Base */,
			);
			name = LaunchScreen.storyboard;
			sourceTree = "<group>";
		};
		16AB5FBB17FF8D6600B7D45A /* Localizable.strings */ = {
			isa = PBXVariantGroup;
			children = (
				16AB5FBA17FF8D6600B7D45A /* Base */,
				16AB5FBE17FF8DC700B7D45A /* ja */,
				16AB5FBF17FF8DCC00B7D45A /* en */,
			);
			name = Localizable.strings;
			sourceTree = "<group>";
		};
		16EEDF591E751AAB001DE9E5 /* InfoPlist.strings */ = {
			isa = PBXVariantGroup;
			children = (
				16EEDF581E751AAB001DE9E5 /* ja */,
			);
			name = InfoPlist.strings;
			sourceTree = "<group>";
		};
/* End PBXVariantGroup section */

/* Begin XCBuildConfiguration section */
		160BEDE917E471C100EC97FC /* Debug */ = {
			isa = XCBuildConfiguration;
			buildSettings = {
				ALWAYS_SEARCH_USER_PATHS = NO;
				CLANG_ANALYZER_LOCALIZABILITY_NONLOCALIZED = YES;
				CLANG_CXX_LANGUAGE_STANDARD = "gnu++0x";
				CLANG_CXX_LIBRARY = "libc++";
				CLANG_ENABLE_MODULES = YES;
				CLANG_ENABLE_OBJC_ARC = YES;
				CLANG_WARN_BLOCK_CAPTURE_AUTORELEASING = YES;
				CLANG_WARN_BOOL_CONVERSION = YES;
				CLANG_WARN_COMMA = YES;
				CLANG_WARN_CONSTANT_CONVERSION = YES;
				CLANG_WARN_DEPRECATED_OBJC_IMPLEMENTATIONS = YES;
				CLANG_WARN_DIRECT_OBJC_ISA_USAGE = YES_ERROR;
				CLANG_WARN_EMPTY_BODY = YES;
				CLANG_WARN_ENUM_CONVERSION = YES;
				CLANG_WARN_INFINITE_RECURSION = YES;
				CLANG_WARN_INT_CONVERSION = YES;
				CLANG_WARN_NON_LITERAL_NULL_CONVERSION = YES;
				CLANG_WARN_OBJC_IMPLICIT_RETAIN_SELF = YES;
				CLANG_WARN_OBJC_LITERAL_CONVERSION = YES;
				CLANG_WARN_OBJC_ROOT_CLASS = YES_ERROR;
				CLANG_WARN_RANGE_LOOP_ANALYSIS = YES;
				CLANG_WARN_STRICT_PROTOTYPES = YES;
				CLANG_WARN_SUSPICIOUS_MOVE = YES;
				CLANG_WARN_UNREACHABLE_CODE = YES;
				CLANG_WARN__DUPLICATE_METHOD_MATCH = YES;
				"CODE_SIGN_IDENTITY[sdk=iphoneos*]" = "iPhone Distribution: KOICHIRO OCHIISHI";
				COPY_PHASE_STRIP = NO;
				ENABLE_STRICT_OBJC_MSGSEND = YES;
				ENABLE_TESTABILITY = YES;
				GCC_C_LANGUAGE_STANDARD = gnu99;
				GCC_DYNAMIC_NO_PIC = NO;
				GCC_NO_COMMON_BLOCKS = YES;
				GCC_OPTIMIZATION_LEVEL = 0;
				GCC_PREPROCESSOR_DEFINITIONS = (
					"DEBUG=1",
					"$(inherited)",
				);
				GCC_SYMBOLS_PRIVATE_EXTERN = NO;
				GCC_WARN_64_TO_32_BIT_CONVERSION = YES;
				GCC_WARN_ABOUT_RETURN_TYPE = YES_ERROR;
				GCC_WARN_UNDECLARED_SELECTOR = YES;
				GCC_WARN_UNINITIALIZED_AUTOS = YES;
				GCC_WARN_UNUSED_FUNCTION = YES;
				GCC_WARN_UNUSED_VARIABLE = YES;
				IPHONEOS_DEPLOYMENT_TARGET = 8.0;
				ONLY_ACTIVE_ARCH = YES;
				PROVISIONING_PROFILE = "65FB15CD-ACA3-499F-80AD-39C79244CF9F";
				SDKROOT = iphoneos;
			};
			name = Debug;
		};
		160BEDEA17E471C100EC97FC /* Release */ = {
			isa = XCBuildConfiguration;
			buildSettings = {
				ALWAYS_SEARCH_USER_PATHS = NO;
				CLANG_ANALYZER_LOCALIZABILITY_NONLOCALIZED = YES;
				CLANG_CXX_LANGUAGE_STANDARD = "gnu++0x";
				CLANG_CXX_LIBRARY = "libc++";
				CLANG_ENABLE_MODULES = YES;
				CLANG_ENABLE_OBJC_ARC = YES;
				CLANG_WARN_BLOCK_CAPTURE_AUTORELEASING = YES;
				CLANG_WARN_BOOL_CONVERSION = YES;
				CLANG_WARN_COMMA = YES;
				CLANG_WARN_CONSTANT_CONVERSION = YES;
				CLANG_WARN_DEPRECATED_OBJC_IMPLEMENTATIONS = YES;
				CLANG_WARN_DIRECT_OBJC_ISA_USAGE = YES_ERROR;
				CLANG_WARN_EMPTY_BODY = YES;
				CLANG_WARN_ENUM_CONVERSION = YES;
				CLANG_WARN_INFINITE_RECURSION = YES;
				CLANG_WARN_INT_CONVERSION = YES;
				CLANG_WARN_NON_LITERAL_NULL_CONVERSION = YES;
				CLANG_WARN_OBJC_IMPLICIT_RETAIN_SELF = YES;
				CLANG_WARN_OBJC_LITERAL_CONVERSION = YES;
				CLANG_WARN_OBJC_ROOT_CLASS = YES_ERROR;
				CLANG_WARN_RANGE_LOOP_ANALYSIS = YES;
				CLANG_WARN_STRICT_PROTOTYPES = YES;
				CLANG_WARN_SUSPICIOUS_MOVE = YES;
				CLANG_WARN_UNREACHABLE_CODE = YES;
				CLANG_WARN__DUPLICATE_METHOD_MATCH = YES;
				"CODE_SIGN_IDENTITY[sdk=iphoneos*]" = "iPhone Distribution: KOICHIRO OCHIISHI";
				COPY_PHASE_STRIP = YES;
				ENABLE_NS_ASSERTIONS = NO;
				ENABLE_STRICT_OBJC_MSGSEND = YES;
				GCC_C_LANGUAGE_STANDARD = gnu99;
				GCC_NO_COMMON_BLOCKS = YES;
				GCC_WARN_64_TO_32_BIT_CONVERSION = YES;
				GCC_WARN_ABOUT_RETURN_TYPE = YES_ERROR;
				GCC_WARN_UNDECLARED_SELECTOR = YES;
				GCC_WARN_UNINITIALIZED_AUTOS = YES;
				GCC_WARN_UNUSED_FUNCTION = YES;
				GCC_WARN_UNUSED_VARIABLE = YES;
				IPHONEOS_DEPLOYMENT_TARGET = 8.0;
				PROVISIONING_PROFILE = "65FB15CD-ACA3-499F-80AD-39C79244CF9F";
				SDKROOT = iphoneos;
				VALIDATE_PRODUCT = YES;
			};
			name = Release;
		};
		160BEDEC17E471C100EC97FC /* Debug */ = {
			isa = XCBuildConfiguration;
			buildSettings = {
				ASSETCATALOG_COMPILER_APPICON_NAME = AppIcon;
				CODE_SIGN_IDENTITY = "iPhone Developer";
				"CODE_SIGN_IDENTITY[sdk=iphoneos*]" = "iPhone Developer";
				GCC_PRECOMPILE_PREFIX_HEADER = YES;
				GCC_PREFIX_HEADER = "Quicka/Quicka-Prefix.pch";
				GCC_WARN_UNDECLARED_SELECTOR = NO;
				INFOPLIST_FILE = "Quicka/Quicka-Info.plist";
				IPHONEOS_DEPLOYMENT_TARGET = 10.0;
				PRODUCT_BUNDLE_IDENTIFIER = com.rakuishi.Quicka2;
				PRODUCT_NAME = "$(TARGET_NAME)";
				PROVISIONING_PROFILE = "";
				TARGETED_DEVICE_FAMILY = 1;
				WRAPPER_EXTENSION = app;
			};
			name = Debug;
		};
		160BEDED17E471C100EC97FC /* Release */ = {
			isa = XCBuildConfiguration;
			buildSettings = {
				ASSETCATALOG_COMPILER_APPICON_NAME = AppIcon;
				CODE_SIGN_IDENTITY = "iPhone Distribution";
				"CODE_SIGN_IDENTITY[sdk=iphoneos*]" = "iPhone Developer";
				GCC_PRECOMPILE_PREFIX_HEADER = YES;
				GCC_PREFIX_HEADER = "Quicka/Quicka-Prefix.pch";
				GCC_WARN_UNDECLARED_SELECTOR = NO;
				INFOPLIST_FILE = "Quicka/Quicka-Info.plist";
				IPHONEOS_DEPLOYMENT_TARGET = 10.0;
				PRODUCT_BUNDLE_IDENTIFIER = com.rakuishi.Quicka2;
				PRODUCT_NAME = "$(TARGET_NAME)";
				PROVISIONING_PROFILE = "";
				TARGETED_DEVICE_FAMILY = 1;
				WRAPPER_EXTENSION = app;
			};
			name = Release;
		};
		160BEDEF17E471C100EC97FC /* Debug */ = {
			isa = XCBuildConfiguration;
			buildSettings = {
				BUNDLE_LOADER = "$(BUILT_PRODUCTS_DIR)/Quicka.app/Quicka";
				FRAMEWORK_SEARCH_PATHS = (
					"$(SDKROOT)/Developer/Library/Frameworks",
					"$(inherited)",
					"$(DEVELOPER_FRAMEWORKS_DIR)",
				);
				GCC_PRECOMPILE_PREFIX_HEADER = YES;
				GCC_PREFIX_HEADER = "Quicka/Quicka-Prefix.pch";
				GCC_PREPROCESSOR_DEFINITIONS = (
					"DEBUG=1",
					"$(inherited)",
				);
				INFOPLIST_FILE = "QuickaTests/QuickaTests-Info.plist";
				PRODUCT_BUNDLE_IDENTIFIER = "com.rakuishi.${PRODUCT_NAME:rfc1034identifier}";
				PRODUCT_NAME = "$(TARGET_NAME)";
				TEST_HOST = "$(BUNDLE_LOADER)";
				WRAPPER_EXTENSION = xctest;
			};
			name = Debug;
		};
		160BEDF017E471C100EC97FC /* Release */ = {
			isa = XCBuildConfiguration;
			buildSettings = {
				BUNDLE_LOADER = "$(BUILT_PRODUCTS_DIR)/Quicka.app/Quicka";
				FRAMEWORK_SEARCH_PATHS = (
					"$(SDKROOT)/Developer/Library/Frameworks",
					"$(inherited)",
					"$(DEVELOPER_FRAMEWORKS_DIR)",
				);
				GCC_PRECOMPILE_PREFIX_HEADER = YES;
				GCC_PREFIX_HEADER = "Quicka/Quicka-Prefix.pch";
				INFOPLIST_FILE = "QuickaTests/QuickaTests-Info.plist";
				PRODUCT_BUNDLE_IDENTIFIER = "com.rakuishi.${PRODUCT_NAME:rfc1034identifier}";
				PRODUCT_NAME = "$(TARGET_NAME)";
				TEST_HOST = "$(BUNDLE_LOADER)";
				WRAPPER_EXTENSION = xctest;
			};
			name = Release;
		};
/* End XCBuildConfiguration section */

/* Begin XCConfigurationList section */
		160BEDAB17E471C000EC97FC /* Build configuration list for PBXProject "Quicka" */ = {
			isa = XCConfigurationList;
			buildConfigurations = (
				160BEDE917E471C100EC97FC /* Debug */,
				160BEDEA17E471C100EC97FC /* Release */,
			);
			defaultConfigurationIsVisible = 0;
			defaultConfigurationName = Release;
		};
		160BEDEB17E471C100EC97FC /* Build configuration list for PBXNativeTarget "Quicka" */ = {
			isa = XCConfigurationList;
			buildConfigurations = (
				160BEDEC17E471C100EC97FC /* Debug */,
				160BEDED17E471C100EC97FC /* Release */,
			);
			defaultConfigurationIsVisible = 0;
			defaultConfigurationName = Release;
		};
		160BEDEE17E471C100EC97FC /* Build configuration list for PBXNativeTarget "QuickaTests" */ = {
			isa = XCConfigurationList;
			buildConfigurations = (
				160BEDEF17E471C100EC97FC /* Debug */,
				160BEDF017E471C100EC97FC /* Release */,
			);
			defaultConfigurationIsVisible = 0;
			defaultConfigurationName = Release;
		};
/* End XCConfigurationList section */

/* Begin XCVersionGroup section */
		160BEDCA17E471C000EC97FC /* Quicka.xcdatamodeld */ = {
			isa = XCVersionGroup;
			children = (
				160BEDCB17E471C000EC97FC /* Quicka.xcdatamodel */,
			);
			currentVersion = 160BEDCB17E471C000EC97FC /* Quicka.xcdatamodel */;
			path = Quicka.xcdatamodeld;
			sourceTree = "<group>";
			versionGroupType = wrapper.xcdatamodel;
		};
/* End XCVersionGroup section */
	};
	rootObject = 160BEDA817E471C000EC97FC /* Project object */;
}
